// !$*UTF8*$!
{
	archiveVersion = 1;
	classes = {
	};
	objectVersion = 50;
	objects = {

/* Begin PBXBuildFile section */
		6791307C2084EAFA00E815DD /* Request.framework in Frameworks */ = {isa = PBXBuildFile; fileRef = 679130722084EAFA00E815DD /* Request.framework */; };
		679130A52084EB1D00E815DD /* Request.framework in Frameworks */ = {isa = PBXBuildFile; fileRef = 6791309C2084EB1D00E815DD /* Request.framework */; };
		679130C12084EB2C00E815DD /* Request.framework in Frameworks */ = {isa = PBXBuildFile; fileRef = 679130B82084EB2C00E815DD /* Request.framework */; };
		679130D22084EC3700E815DD /* Request.h in Headers */ = {isa = PBXBuildFile; fileRef = 679130D12084EC3600E815DD /* Request.h */; settings = {ATTRIBUTES = (Public, ); }; };
		679130D32084EC3700E815DD /* Request.h in Headers */ = {isa = PBXBuildFile; fileRef = 679130D12084EC3600E815DD /* Request.h */; settings = {ATTRIBUTES = (Public, ); }; };
		679130D42084EC3700E815DD /* Request.h in Headers */ = {isa = PBXBuildFile; fileRef = 679130D12084EC3600E815DD /* Request.h */; settings = {ATTRIBUTES = (Public, ); }; };
		679130D52084EC3700E815DD /* Request.h in Headers */ = {isa = PBXBuildFile; fileRef = 679130D12084EC3600E815DD /* Request.h */; settings = {ATTRIBUTES = (Public, ); }; };
		67B55B3A2250D0410027ABDD /* HTTPTask.swift in Sources */ = {isa = PBXBuildFile; fileRef = 67B55B192250D0410027ABDD /* HTTPTask.swift */; };
		67B55B3B2250D0410027ABDD /* HTTPTask.swift in Sources */ = {isa = PBXBuildFile; fileRef = 67B55B192250D0410027ABDD /* HTTPTask.swift */; };
		67B55B3C2250D0410027ABDD /* HTTPTask.swift in Sources */ = {isa = PBXBuildFile; fileRef = 67B55B192250D0410027ABDD /* HTTPTask.swift */; };
		67B55B3D2250D0410027ABDD /* HTTPTask.swift in Sources */ = {isa = PBXBuildFile; fileRef = 67B55B192250D0410027ABDD /* HTTPTask.swift */; };
		67B55B3E2250D0410027ABDD /* HTTPMethod.swift in Sources */ = {isa = PBXBuildFile; fileRef = 67B55B1A2250D0410027ABDD /* HTTPMethod.swift */; };
		67B55B3F2250D0410027ABDD /* HTTPMethod.swift in Sources */ = {isa = PBXBuildFile; fileRef = 67B55B1A2250D0410027ABDD /* HTTPMethod.swift */; };
		67B55B402250D0410027ABDD /* HTTPMethod.swift in Sources */ = {isa = PBXBuildFile; fileRef = 67B55B1A2250D0410027ABDD /* HTTPMethod.swift */; };
		67B55B412250D0410027ABDD /* HTTPMethod.swift in Sources */ = {isa = PBXBuildFile; fileRef = 67B55B1A2250D0410027ABDD /* HTTPMethod.swift */; };
		67B55B422250D0410027ABDD /* EndPointType.swift in Sources */ = {isa = PBXBuildFile; fileRef = 67B55B1B2250D0410027ABDD /* EndPointType.swift */; };
		67B55B432250D0410027ABDD /* EndPointType.swift in Sources */ = {isa = PBXBuildFile; fileRef = 67B55B1B2250D0410027ABDD /* EndPointType.swift */; };
		67B55B442250D0410027ABDD /* EndPointType.swift in Sources */ = {isa = PBXBuildFile; fileRef = 67B55B1B2250D0410027ABDD /* EndPointType.swift */; };
		67B55B452250D0410027ABDD /* EndPointType.swift in Sources */ = {isa = PBXBuildFile; fileRef = 67B55B1B2250D0410027ABDD /* EndPointType.swift */; };
		67B55B462250D0410027ABDD /* NetworkLogger.swift in Sources */ = {isa = PBXBuildFile; fileRef = 67B55B1D2250D0410027ABDD /* NetworkLogger.swift */; };
		67B55B472250D0410027ABDD /* NetworkLogger.swift in Sources */ = {isa = PBXBuildFile; fileRef = 67B55B1D2250D0410027ABDD /* NetworkLogger.swift */; };
		67B55B482250D0410027ABDD /* NetworkLogger.swift in Sources */ = {isa = PBXBuildFile; fileRef = 67B55B1D2250D0410027ABDD /* NetworkLogger.swift */; };
		67B55B492250D0410027ABDD /* NetworkLogger.swift in Sources */ = {isa = PBXBuildFile; fileRef = 67B55B1D2250D0410027ABDD /* NetworkLogger.swift */; };
		67B55B4A2250D0410027ABDD /* Response.swift in Sources */ = {isa = PBXBuildFile; fileRef = 67B55B1F2250D0410027ABDD /* Response.swift */; };
		67B55B4B2250D0410027ABDD /* Response.swift in Sources */ = {isa = PBXBuildFile; fileRef = 67B55B1F2250D0410027ABDD /* Response.swift */; };
		67B55B4C2250D0410027ABDD /* Response.swift in Sources */ = {isa = PBXBuildFile; fileRef = 67B55B1F2250D0410027ABDD /* Response.swift */; };
		67B55B4D2250D0410027ABDD /* Response.swift in Sources */ = {isa = PBXBuildFile; fileRef = 67B55B1F2250D0410027ABDD /* Response.swift */; };
		67B55B4E2250D0410027ABDD /* CacheService.swift in Sources */ = {isa = PBXBuildFile; fileRef = 67B55B212250D0410027ABDD /* CacheService.swift */; };
		67B55B4F2250D0410027ABDD /* CacheService.swift in Sources */ = {isa = PBXBuildFile; fileRef = 67B55B212250D0410027ABDD /* CacheService.swift */; };
		67B55B502250D0410027ABDD /* CacheService.swift in Sources */ = {isa = PBXBuildFile; fileRef = 67B55B212250D0410027ABDD /* CacheService.swift */; };
		67B55B512250D0410027ABDD /* CacheService.swift in Sources */ = {isa = PBXBuildFile; fileRef = 67B55B212250D0410027ABDD /* CacheService.swift */; };
		67B55B522250D0410027ABDD /* ParameterEncoder.swift in Sources */ = {isa = PBXBuildFile; fileRef = 67B55B232250D0410027ABDD /* ParameterEncoder.swift */; };
		67B55B532250D0410027ABDD /* ParameterEncoder.swift in Sources */ = {isa = PBXBuildFile; fileRef = 67B55B232250D0410027ABDD /* ParameterEncoder.swift */; };
		67B55B542250D0410027ABDD /* ParameterEncoder.swift in Sources */ = {isa = PBXBuildFile; fileRef = 67B55B232250D0410027ABDD /* ParameterEncoder.swift */; };
		67B55B552250D0410027ABDD /* ParameterEncoder.swift in Sources */ = {isa = PBXBuildFile; fileRef = 67B55B232250D0410027ABDD /* ParameterEncoder.swift */; };
		67B55B562250D0410027ABDD /* URLParameterEncoder.swift in Sources */ = {isa = PBXBuildFile; fileRef = 67B55B242250D0410027ABDD /* URLParameterEncoder.swift */; };
		67B55B572250D0410027ABDD /* URLParameterEncoder.swift in Sources */ = {isa = PBXBuildFile; fileRef = 67B55B242250D0410027ABDD /* URLParameterEncoder.swift */; };
		67B55B582250D0410027ABDD /* URLParameterEncoder.swift in Sources */ = {isa = PBXBuildFile; fileRef = 67B55B242250D0410027ABDD /* URLParameterEncoder.swift */; };
		67B55B592250D0410027ABDD /* URLParameterEncoder.swift in Sources */ = {isa = PBXBuildFile; fileRef = 67B55B242250D0410027ABDD /* URLParameterEncoder.swift */; };
		67B55B5A2250D0410027ABDD /* JSONParameterEncoder.swift in Sources */ = {isa = PBXBuildFile; fileRef = 67B55B252250D0410027ABDD /* JSONParameterEncoder.swift */; };
		67B55B5B2250D0410027ABDD /* JSONParameterEncoder.swift in Sources */ = {isa = PBXBuildFile; fileRef = 67B55B252250D0410027ABDD /* JSONParameterEncoder.swift */; };
		67B55B5C2250D0410027ABDD /* JSONParameterEncoder.swift in Sources */ = {isa = PBXBuildFile; fileRef = 67B55B252250D0410027ABDD /* JSONParameterEncoder.swift */; };
		67B55B5D2250D0410027ABDD /* JSONParameterEncoder.swift in Sources */ = {isa = PBXBuildFile; fileRef = 67B55B252250D0410027ABDD /* JSONParameterEncoder.swift */; };
		67B55B5E2250D0410027ABDD /* NetworkError.swift in Sources */ = {isa = PBXBuildFile; fileRef = 67B55B262250D0410027ABDD /* NetworkError.swift */; };
		67B55B5F2250D0410027ABDD /* NetworkError.swift in Sources */ = {isa = PBXBuildFile; fileRef = 67B55B262250D0410027ABDD /* NetworkError.swift */; };
		67B55B602250D0410027ABDD /* NetworkError.swift in Sources */ = {isa = PBXBuildFile; fileRef = 67B55B262250D0410027ABDD /* NetworkError.swift */; };
		67B55B612250D0410027ABDD /* NetworkError.swift in Sources */ = {isa = PBXBuildFile; fileRef = 67B55B262250D0410027ABDD /* NetworkError.swift */; };
		67B55B622250D0410027ABDD /* UIImageViewExtension.swift in Sources */ = {isa = PBXBuildFile; fileRef = 67B55B292250D0410027ABDD /* UIImageViewExtension.swift */; };
		67B55B632250D0410027ABDD /* UIImageViewExtension.swift in Sources */ = {isa = PBXBuildFile; fileRef = 67B55B292250D0410027ABDD /* UIImageViewExtension.swift */; };
		67B55B642250D0410027ABDD /* UIImageViewExtension.swift in Sources */ = {isa = PBXBuildFile; fileRef = 67B55B292250D0410027ABDD /* UIImageViewExtension.swift */; };
		67B55B652250D0410027ABDD /* UIImageViewExtension.swift in Sources */ = {isa = PBXBuildFile; fileRef = 67B55B292250D0410027ABDD /* UIImageViewExtension.swift */; };
		67B55B662250D0410027ABDD /* URLQueryParameterStringConvertible.swift in Sources */ = {isa = PBXBuildFile; fileRef = 67B55B2B2250D0410027ABDD /* URLQueryParameterStringConvertible.swift */; };
		67B55B672250D0410027ABDD /* URLQueryParameterStringConvertible.swift in Sources */ = {isa = PBXBuildFile; fileRef = 67B55B2B2250D0410027ABDD /* URLQueryParameterStringConvertible.swift */; };
		67B55B682250D0410027ABDD /* URLQueryParameterStringConvertible.swift in Sources */ = {isa = PBXBuildFile; fileRef = 67B55B2B2250D0410027ABDD /* URLQueryParameterStringConvertible.swift */; };
		67B55B692250D0410027ABDD /* URLQueryParameterStringConvertible.swift in Sources */ = {isa = PBXBuildFile; fileRef = 67B55B2B2250D0410027ABDD /* URLQueryParameterStringConvertible.swift */; };
		67B55B6A2250D0410027ABDD /* DataExtension.swift in Sources */ = {isa = PBXBuildFile; fileRef = 67B55B2C2250D0410027ABDD /* DataExtension.swift */; };
		67B55B6B2250D0410027ABDD /* DataExtension.swift in Sources */ = {isa = PBXBuildFile; fileRef = 67B55B2C2250D0410027ABDD /* DataExtension.swift */; };
		67B55B6C2250D0410027ABDD /* DataExtension.swift in Sources */ = {isa = PBXBuildFile; fileRef = 67B55B2C2250D0410027ABDD /* DataExtension.swift */; };
		67B55B6D2250D0410027ABDD /* DataExtension.swift in Sources */ = {isa = PBXBuildFile; fileRef = 67B55B2C2250D0410027ABDD /* DataExtension.swift */; };
		67B55B6E2250D0410027ABDD /* NSImageViewExtension.swift in Sources */ = {isa = PBXBuildFile; fileRef = 67B55B2E2250D0410027ABDD /* NSImageViewExtension.swift */; };
		67B55B6F2250D0410027ABDD /* NSImageViewExtension.swift in Sources */ = {isa = PBXBuildFile; fileRef = 67B55B2E2250D0410027ABDD /* NSImageViewExtension.swift */; };
		67B55B702250D0410027ABDD /* NSImageViewExtension.swift in Sources */ = {isa = PBXBuildFile; fileRef = 67B55B2E2250D0410027ABDD /* NSImageViewExtension.swift */; };
		67B55B712250D0410027ABDD /* NSImageViewExtension.swift in Sources */ = {isa = PBXBuildFile; fileRef = 67B55B2E2250D0410027ABDD /* NSImageViewExtension.swift */; };
		67B55B722250D0410027ABDD /* WKImageViewExtension.swift in Sources */ = {isa = PBXBuildFile; fileRef = 67B55B302250D0410027ABDD /* WKImageViewExtension.swift */; };
		67B55B732250D0410027ABDD /* WKImageViewExtension.swift in Sources */ = {isa = PBXBuildFile; fileRef = 67B55B302250D0410027ABDD /* WKImageViewExtension.swift */; };
		67B55B742250D0410027ABDD /* WKImageViewExtension.swift in Sources */ = {isa = PBXBuildFile; fileRef = 67B55B302250D0410027ABDD /* WKImageViewExtension.swift */; };
		67B55B752250D0410027ABDD /* WKImageViewExtension.swift in Sources */ = {isa = PBXBuildFile; fileRef = 67B55B302250D0410027ABDD /* WKImageViewExtension.swift */; };
		67B55B762250D0410027ABDD /* NetworkManagerProtocol.swift in Sources */ = {isa = PBXBuildFile; fileRef = 67B55B322250D0410027ABDD /* NetworkManagerProtocol.swift */; };
		67B55B772250D0410027ABDD /* NetworkManagerProtocol.swift in Sources */ = {isa = PBXBuildFile; fileRef = 67B55B322250D0410027ABDD /* NetworkManagerProtocol.swift */; };
		67B55B782250D0410027ABDD /* NetworkManagerProtocol.swift in Sources */ = {isa = PBXBuildFile; fileRef = 67B55B322250D0410027ABDD /* NetworkManagerProtocol.swift */; };
		67B55B792250D0410027ABDD /* NetworkManagerProtocol.swift in Sources */ = {isa = PBXBuildFile; fileRef = 67B55B322250D0410027ABDD /* NetworkManagerProtocol.swift */; };
		67B55B7A2250D0410027ABDD /* NetworkEnvironmentProtocol.swift in Sources */ = {isa = PBXBuildFile; fileRef = 67B55B332250D0410027ABDD /* NetworkEnvironmentProtocol.swift */; };
		67B55B7B2250D0410027ABDD /* NetworkEnvironmentProtocol.swift in Sources */ = {isa = PBXBuildFile; fileRef = 67B55B332250D0410027ABDD /* NetworkEnvironmentProtocol.swift */; };
		67B55B7C2250D0410027ABDD /* NetworkEnvironmentProtocol.swift in Sources */ = {isa = PBXBuildFile; fileRef = 67B55B332250D0410027ABDD /* NetworkEnvironmentProtocol.swift */; };
		67B55B7D2250D0410027ABDD /* NetworkEnvironmentProtocol.swift in Sources */ = {isa = PBXBuildFile; fileRef = 67B55B332250D0410027ABDD /* NetworkEnvironmentProtocol.swift */; };
		67B55B7E2250D0410027ABDD /* ReachabilityService.swift in Sources */ = {isa = PBXBuildFile; fileRef = 67B55B352250D0410027ABDD /* ReachabilityService.swift */; };
		67B55B7F2250D0410027ABDD /* ReachabilityService.swift in Sources */ = {isa = PBXBuildFile; fileRef = 67B55B352250D0410027ABDD /* ReachabilityService.swift */; };
		67B55B802250D0410027ABDD /* ReachabilityService.swift in Sources */ = {isa = PBXBuildFile; fileRef = 67B55B352250D0410027ABDD /* ReachabilityService.swift */; };
		67B55B812250D0410027ABDD /* ReachabilityService.swift in Sources */ = {isa = PBXBuildFile; fileRef = 67B55B352250D0410027ABDD /* ReachabilityService.swift */; };
		67B55B822250D0410027ABDD /* NetworkRouter.swift in Sources */ = {isa = PBXBuildFile; fileRef = 67B55B372250D0410027ABDD /* NetworkRouter.swift */; };
		67B55B832250D0410027ABDD /* NetworkRouter.swift in Sources */ = {isa = PBXBuildFile; fileRef = 67B55B372250D0410027ABDD /* NetworkRouter.swift */; };
		67B55B842250D0410027ABDD /* NetworkRouter.swift in Sources */ = {isa = PBXBuildFile; fileRef = 67B55B372250D0410027ABDD /* NetworkRouter.swift */; };
		67B55B852250D0410027ABDD /* NetworkRouter.swift in Sources */ = {isa = PBXBuildFile; fileRef = 67B55B372250D0410027ABDD /* NetworkRouter.swift */; };
		67B55B862250D0410027ABDD /* URLSessionProtocol.swift in Sources */ = {isa = PBXBuildFile; fileRef = 67B55B382250D0410027ABDD /* URLSessionProtocol.swift */; };
		67B55B872250D0410027ABDD /* URLSessionProtocol.swift in Sources */ = {isa = PBXBuildFile; fileRef = 67B55B382250D0410027ABDD /* URLSessionProtocol.swift */; };
		67B55B882250D0410027ABDD /* URLSessionProtocol.swift in Sources */ = {isa = PBXBuildFile; fileRef = 67B55B382250D0410027ABDD /* URLSessionProtocol.swift */; };
		67B55B892250D0410027ABDD /* URLSessionProtocol.swift in Sources */ = {isa = PBXBuildFile; fileRef = 67B55B382250D0410027ABDD /* URLSessionProtocol.swift */; };
		67B55B8A2250D0410027ABDD /* NetworkRouterProtocol.swift in Sources */ = {isa = PBXBuildFile; fileRef = 67B55B392250D0410027ABDD /* NetworkRouterProtocol.swift */; };
		67B55B8B2250D0410027ABDD /* NetworkRouterProtocol.swift in Sources */ = {isa = PBXBuildFile; fileRef = 67B55B392250D0410027ABDD /* NetworkRouterProtocol.swift */; };
		67B55B8C2250D0410027ABDD /* NetworkRouterProtocol.swift in Sources */ = {isa = PBXBuildFile; fileRef = 67B55B392250D0410027ABDD /* NetworkRouterProtocol.swift */; };
		67B55B8D2250D0410027ABDD /* NetworkRouterProtocol.swift in Sources */ = {isa = PBXBuildFile; fileRef = 67B55B392250D0410027ABDD /* NetworkRouterProtocol.swift */; };
		67B55B952250D11A0027ABDD /* NetworkMock.swift in Sources */ = {isa = PBXBuildFile; fileRef = 67B55B912250D11A0027ABDD /* NetworkMock.swift */; };
		67B55B962250D11A0027ABDD /* NetworkMock.swift in Sources */ = {isa = PBXBuildFile; fileRef = 67B55B912250D11A0027ABDD /* NetworkMock.swift */; };
		67B55B972250D11A0027ABDD /* NetworkMock.swift in Sources */ = {isa = PBXBuildFile; fileRef = 67B55B912250D11A0027ABDD /* NetworkMock.swift */; };
		67B55B982250D11A0027ABDD /* EndPointTypeMock.swift in Sources */ = {isa = PBXBuildFile; fileRef = 67B55B922250D11A0027ABDD /* EndPointTypeMock.swift */; };
		67B55B992250D11A0027ABDD /* EndPointTypeMock.swift in Sources */ = {isa = PBXBuildFile; fileRef = 67B55B922250D11A0027ABDD /* EndPointTypeMock.swift */; };
		67B55B9A2250D11A0027ABDD /* EndPointTypeMock.swift in Sources */ = {isa = PBXBuildFile; fileRef = 67B55B922250D11A0027ABDD /* EndPointTypeMock.swift */; };
		67B55B9B2250D11A0027ABDD /* NetworkRouterTest.swift in Sources */ = {isa = PBXBuildFile; fileRef = 67B55B932250D11A0027ABDD /* NetworkRouterTest.swift */; };
		67B55B9C2250D11A0027ABDD /* NetworkRouterTest.swift in Sources */ = {isa = PBXBuildFile; fileRef = 67B55B932250D11A0027ABDD /* NetworkRouterTest.swift */; };
		67B55B9D2250D11A0027ABDD /* NetworkRouterTest.swift in Sources */ = {isa = PBXBuildFile; fileRef = 67B55B932250D11A0027ABDD /* NetworkRouterTest.swift */; };
		67B55B9E2250D11A0027ABDD /* Request_Tests.swift in Sources */ = {isa = PBXBuildFile; fileRef = 67B55B942250D11A0027ABDD /* Request_Tests.swift */; };
		67B55B9F2250D11A0027ABDD /* Request_Tests.swift in Sources */ = {isa = PBXBuildFile; fileRef = 67B55B942250D11A0027ABDD /* Request_Tests.swift */; };
		67B55BA02250D11A0027ABDD /* Request_Tests.swift in Sources */ = {isa = PBXBuildFile; fileRef = 67B55B942250D11A0027ABDD /* Request_Tests.swift */; };
/* End PBXBuildFile section */

/* Begin PBXContainerItemProxy section */
		6791307D2084EAFA00E815DD /* PBXContainerItemProxy */ = {
			isa = PBXContainerItemProxy;
			containerPortal = 679130672084EAE000E815DD /* Project object */;
			proxyType = 1;
			remoteGlobalIDString = 679130712084EAFA00E815DD;
			remoteInfo = "Request iOS";
		};
		679130A62084EB1D00E815DD /* PBXContainerItemProxy */ = {
			isa = PBXContainerItemProxy;
			containerPortal = 679130672084EAE000E815DD /* Project object */;
			proxyType = 1;
			remoteGlobalIDString = 6791309B2084EB1D00E815DD;
			remoteInfo = "Request tvOS";
		};
		679130C22084EB2C00E815DD /* PBXContainerItemProxy */ = {
			isa = PBXContainerItemProxy;
			containerPortal = 679130672084EAE000E815DD /* Project object */;
			proxyType = 1;
			remoteGlobalIDString = 679130B72084EB2C00E815DD;
			remoteInfo = "Request macOS";
		};
/* End PBXContainerItemProxy section */

/* Begin PBXFileReference section */
		679130722084EAFA00E815DD /* Request.framework */ = {isa = PBXFileReference; explicitFileType = wrapper.framework; includeInIndex = 0; path = Request.framework; sourceTree = BUILT_PRODUCTS_DIR; };
		6791307B2084EAFA00E815DD /* RequestTest.xctest */ = {isa = PBXFileReference; explicitFileType = wrapper.cfbundle; includeInIndex = 0; path = RequestTest.xctest; sourceTree = BUILT_PRODUCTS_DIR; };
		6791308F2084EB0C00E815DD /* Request.framework */ = {isa = PBXFileReference; explicitFileType = wrapper.framework; includeInIndex = 0; path = Request.framework; sourceTree = BUILT_PRODUCTS_DIR; };
		6791309C2084EB1D00E815DD /* Request.framework */ = {isa = PBXFileReference; explicitFileType = wrapper.framework; includeInIndex = 0; path = Request.framework; sourceTree = BUILT_PRODUCTS_DIR; };
		679130A42084EB1D00E815DD /* RequestTest.xctest */ = {isa = PBXFileReference; explicitFileType = wrapper.cfbundle; includeInIndex = 0; path = RequestTest.xctest; sourceTree = BUILT_PRODUCTS_DIR; };
		679130B82084EB2C00E815DD /* Request.framework */ = {isa = PBXFileReference; explicitFileType = wrapper.framework; includeInIndex = 0; path = Request.framework; sourceTree = BUILT_PRODUCTS_DIR; };
		679130C02084EB2C00E815DD /* RequestTest.xctest */ = {isa = PBXFileReference; explicitFileType = wrapper.cfbundle; includeInIndex = 0; path = RequestTest.xctest; sourceTree = BUILT_PRODUCTS_DIR; };
		679130D12084EC3600E815DD /* Request.h */ = {isa = PBXFileReference; fileEncoding = 4; lastKnownFileType = sourcecode.c.h; path = Request.h; sourceTree = "<group>"; };
		679130D72084EC4A00E815DD /* Info.plist */ = {isa = PBXFileReference; lastKnownFileType = text.plist.xml; path = Info.plist; sourceTree = "<group>"; };
		67B55B192250D0410027ABDD /* HTTPTask.swift */ = {isa = PBXFileReference; fileEncoding = 4; lastKnownFileType = sourcecode.swift; path = HTTPTask.swift; sourceTree = "<group>"; };
		67B55B1A2250D0410027ABDD /* HTTPMethod.swift */ = {isa = PBXFileReference; fileEncoding = 4; lastKnownFileType = sourcecode.swift; path = HTTPMethod.swift; sourceTree = "<group>"; };
		67B55B1B2250D0410027ABDD /* EndPointType.swift */ = {isa = PBXFileReference; fileEncoding = 4; lastKnownFileType = sourcecode.swift; path = EndPointType.swift; sourceTree = "<group>"; };
		67B55B1D2250D0410027ABDD /* NetworkLogger.swift */ = {isa = PBXFileReference; fileEncoding = 4; lastKnownFileType = sourcecode.swift; path = NetworkLogger.swift; sourceTree = "<group>"; };
		67B55B1F2250D0410027ABDD /* Response.swift */ = {isa = PBXFileReference; fileEncoding = 4; lastKnownFileType = sourcecode.swift; path = Response.swift; sourceTree = "<group>"; };
		67B55B212250D0410027ABDD /* CacheService.swift */ = {isa = PBXFileReference; fileEncoding = 4; lastKnownFileType = sourcecode.swift; path = CacheService.swift; sourceTree = "<group>"; };
		67B55B232250D0410027ABDD /* ParameterEncoder.swift */ = {isa = PBXFileReference; fileEncoding = 4; lastKnownFileType = sourcecode.swift; path = ParameterEncoder.swift; sourceTree = "<group>"; };
		67B55B242250D0410027ABDD /* URLParameterEncoder.swift */ = {isa = PBXFileReference; fileEncoding = 4; lastKnownFileType = sourcecode.swift; path = URLParameterEncoder.swift; sourceTree = "<group>"; };
		67B55B252250D0410027ABDD /* JSONParameterEncoder.swift */ = {isa = PBXFileReference; fileEncoding = 4; lastKnownFileType = sourcecode.swift; path = JSONParameterEncoder.swift; sourceTree = "<group>"; };
		67B55B262250D0410027ABDD /* NetworkError.swift */ = {isa = PBXFileReference; fileEncoding = 4; lastKnownFileType = sourcecode.swift; path = NetworkError.swift; sourceTree = "<group>"; };
		67B55B292250D0410027ABDD /* UIImageViewExtension.swift */ = {isa = PBXFileReference; fileEncoding = 4; lastKnownFileType = sourcecode.swift; path = UIImageViewExtension.swift; sourceTree = "<group>"; };
		67B55B2B2250D0410027ABDD /* URLQueryParameterStringConvertible.swift */ = {isa = PBXFileReference; fileEncoding = 4; lastKnownFileType = sourcecode.swift; path = URLQueryParameterStringConvertible.swift; sourceTree = "<group>"; };
		67B55B2C2250D0410027ABDD /* DataExtension.swift */ = {isa = PBXFileReference; fileEncoding = 4; lastKnownFileType = sourcecode.swift; path = DataExtension.swift; sourceTree = "<group>"; };
		67B55B2E2250D0410027ABDD /* NSImageViewExtension.swift */ = {isa = PBXFileReference; fileEncoding = 4; lastKnownFileType = sourcecode.swift; path = NSImageViewExtension.swift; sourceTree = "<group>"; };
		67B55B302250D0410027ABDD /* WKImageViewExtension.swift */ = {isa = PBXFileReference; fileEncoding = 4; lastKnownFileType = sourcecode.swift; path = WKImageViewExtension.swift; sourceTree = "<group>"; };
		67B55B322250D0410027ABDD /* NetworkManagerProtocol.swift */ = {isa = PBXFileReference; fileEncoding = 4; lastKnownFileType = sourcecode.swift; path = NetworkManagerProtocol.swift; sourceTree = "<group>"; };
		67B55B332250D0410027ABDD /* NetworkEnvironmentProtocol.swift */ = {isa = PBXFileReference; fileEncoding = 4; lastKnownFileType = sourcecode.swift; path = NetworkEnvironmentProtocol.swift; sourceTree = "<group>"; };
		67B55B352250D0410027ABDD /* ReachabilityService.swift */ = {isa = PBXFileReference; fileEncoding = 4; lastKnownFileType = sourcecode.swift; path = ReachabilityService.swift; sourceTree = "<group>"; };
		67B55B372250D0410027ABDD /* NetworkRouter.swift */ = {isa = PBXFileReference; fileEncoding = 4; lastKnownFileType = sourcecode.swift; path = NetworkRouter.swift; sourceTree = "<group>"; };
		67B55B382250D0410027ABDD /* URLSessionProtocol.swift */ = {isa = PBXFileReference; fileEncoding = 4; lastKnownFileType = sourcecode.swift; path = URLSessionProtocol.swift; sourceTree = "<group>"; };
		67B55B392250D0410027ABDD /* NetworkRouterProtocol.swift */ = {isa = PBXFileReference; fileEncoding = 4; lastKnownFileType = sourcecode.swift; path = NetworkRouterProtocol.swift; sourceTree = "<group>"; };
		67B55B8F2250D04C0027ABDD /* Info.plist */ = {isa = PBXFileReference; lastKnownFileType = text.plist.xml; path = Info.plist; sourceTree = "<group>"; };
		67B55B912250D11A0027ABDD /* NetworkMock.swift */ = {isa = PBXFileReference; fileEncoding = 4; lastKnownFileType = sourcecode.swift; path = NetworkMock.swift; sourceTree = "<group>"; };
		67B55B922250D11A0027ABDD /* EndPointTypeMock.swift */ = {isa = PBXFileReference; fileEncoding = 4; lastKnownFileType = sourcecode.swift; path = EndPointTypeMock.swift; sourceTree = "<group>"; };
		67B55B932250D11A0027ABDD /* NetworkRouterTest.swift */ = {isa = PBXFileReference; fileEncoding = 4; lastKnownFileType = sourcecode.swift; path = NetworkRouterTest.swift; sourceTree = "<group>"; };
		67B55B942250D11A0027ABDD /* Request_Tests.swift */ = {isa = PBXFileReference; fileEncoding = 4; lastKnownFileType = sourcecode.swift; path = Request_Tests.swift; sourceTree = "<group>"; };
		67E6C0F820D7870200FA7B4E /* README.md */ = {isa = PBXFileReference; lastKnownFileType = net.daringfireball.markdown; path = README.md; sourceTree = "<group>"; };
/* End PBXFileReference section */

/* Begin PBXFrameworksBuildPhase section */
		6791306E2084EAFA00E815DD /* Frameworks */ = {
			isa = PBXFrameworksBuildPhase;
			buildActionMask = 2147483647;
			files = (
			);
			runOnlyForDeploymentPostprocessing = 0;
		};
		679130782084EAFA00E815DD /* Frameworks */ = {
			isa = PBXFrameworksBuildPhase;
			buildActionMask = 2147483647;
			files = (
				6791307C2084EAFA00E815DD /* Request.framework in Frameworks */,
			);
			runOnlyForDeploymentPostprocessing = 0;
		};
		6791308B2084EB0C00E815DD /* Frameworks */ = {
			isa = PBXFrameworksBuildPhase;
			buildActionMask = 2147483647;
			files = (
			);
			runOnlyForDeploymentPostprocessing = 0;
		};
		679130982084EB1D00E815DD /* Frameworks */ = {
			isa = PBXFrameworksBuildPhase;
			buildActionMask = 2147483647;
			files = (
			);
			runOnlyForDeploymentPostprocessing = 0;
		};
		679130A12084EB1D00E815DD /* Frameworks */ = {
			isa = PBXFrameworksBuildPhase;
			buildActionMask = 2147483647;
			files = (
				679130A52084EB1D00E815DD /* Request.framework in Frameworks */,
			);
			runOnlyForDeploymentPostprocessing = 0;
		};
		679130B42084EB2C00E815DD /* Frameworks */ = {
			isa = PBXFrameworksBuildPhase;
			buildActionMask = 2147483647;
			files = (
			);
			runOnlyForDeploymentPostprocessing = 0;
		};
		679130BD2084EB2C00E815DD /* Frameworks */ = {
			isa = PBXFrameworksBuildPhase;
			buildActionMask = 2147483647;
			files = (
				679130C12084EB2C00E815DD /* Request.framework in Frameworks */,
			);
			runOnlyForDeploymentPostprocessing = 0;
		};
/* End PBXFrameworksBuildPhase section */

/* Begin PBXGroup section */
		679130662084EAE000E815DD = {
			isa = PBXGroup;
			children = (
				679130CF2084EB8700E815DD /* Sources */,
				679130D02084EBA100E815DD /* Tests */,
				679130732084EAFA00E815DD /* Products */,
				6791314B208506F700E815DD /* Frameworks */,
			);
			sourceTree = "<group>";
		};
		679130732084EAFA00E815DD /* Products */ = {
			isa = PBXGroup;
			children = (
				679130722084EAFA00E815DD /* Request.framework */,
				6791307B2084EAFA00E815DD /* RequestTest.xctest */,
				6791308F2084EB0C00E815DD /* Request.framework */,
				6791309C2084EB1D00E815DD /* Request.framework */,
				679130A42084EB1D00E815DD /* RequestTest.xctest */,
				679130B82084EB2C00E815DD /* Request.framework */,
				679130C02084EB2C00E815DD /* RequestTest.xctest */,
			);
			name = Products;
			sourceTree = "<group>";
		};
		679130CF2084EB8700E815DD /* Sources */ = {
			isa = PBXGroup;
			children = (
				67B55B8E2250D04C0027ABDD /* Conf */,
				67B55B172250D0410027ABDD /* Request */,
				679130D12084EC3600E815DD /* Request.h */,
				67E6C0F820D7870200FA7B4E /* README.md */,
			);
			path = Sources;
			sourceTree = "<group>";
		};
		679130D02084EBA100E815DD /* Tests */ = {
			isa = PBXGroup;
			children = (
				67B55B902250D11A0027ABDD /* RequestTests */,
				679130D72084EC4A00E815DD /* Info.plist */,
			);
			path = Tests;
			sourceTree = "<group>";
		};
		6791314B208506F700E815DD /* Frameworks */ = {
			isa = PBXGroup;
			children = (
			);
			name = Frameworks;
			sourceTree = "<group>";
		};
		67B55B172250D0410027ABDD /* Request */ = {
			isa = PBXGroup;
			children = (
				67B55B182250D0410027ABDD /* Configuration */,
				67B55B1C2250D0410027ABDD /* Logger */,
				67B55B1E2250D0410027ABDD /* Response */,
				67B55B202250D0410027ABDD /* Cache */,
				67B55B222250D0410027ABDD /* Encoding */,
				67B55B272250D0410027ABDD /* Extensions */,
				67B55B312250D0410027ABDD /* Manager */,
				67B55B342250D0410027ABDD /* Reachability */,
				67B55B362250D0410027ABDD /* Service */,
			);
			path = Request;
			sourceTree = "<group>";
		};
		67B55B182250D0410027ABDD /* Configuration */ = {
			isa = PBXGroup;
			children = (
				67B55B192250D0410027ABDD /* HTTPTask.swift */,
				67B55B1A2250D0410027ABDD /* HTTPMethod.swift */,
				67B55B1B2250D0410027ABDD /* EndPointType.swift */,
			);
			path = Configuration;
			sourceTree = "<group>";
		};
		67B55B1C2250D0410027ABDD /* Logger */ = {
			isa = PBXGroup;
			children = (
				67B55B1D2250D0410027ABDD /* NetworkLogger.swift */,
			);
			path = Logger;
			sourceTree = "<group>";
		};
		67B55B1E2250D0410027ABDD /* Response */ = {
			isa = PBXGroup;
			children = (
				67B55B1F2250D0410027ABDD /* Response.swift */,
			);
			path = Response;
			sourceTree = "<group>";
		};
		67B55B202250D0410027ABDD /* Cache */ = {
			isa = PBXGroup;
			children = (
				67B55B212250D0410027ABDD /* CacheService.swift */,
			);
			path = Cache;
			sourceTree = "<group>";
		};
		67B55B222250D0410027ABDD /* Encoding */ = {
			isa = PBXGroup;
			children = (
				67B55B232250D0410027ABDD /* ParameterEncoder.swift */,
				67B55B242250D0410027ABDD /* URLParameterEncoder.swift */,
				67B55B252250D0410027ABDD /* JSONParameterEncoder.swift */,
				67B55B262250D0410027ABDD /* NetworkError.swift */,
			);
			path = Encoding;
			sourceTree = "<group>";
		};
		67B55B272250D0410027ABDD /* Extensions */ = {
			isa = PBXGroup;
			children = (
				67B55B282250D0410027ABDD /* UIKit */,
				67B55B2A2250D0410027ABDD /* Foundation */,
				67B55B2D2250D0410027ABDD /* AppKit */,
				67B55B2F2250D0410027ABDD /* WatchKit */,
			);
			path = Extensions;
			sourceTree = "<group>";
		};
		67B55B282250D0410027ABDD /* UIKit */ = {
			isa = PBXGroup;
			children = (
				67B55B292250D0410027ABDD /* UIImageViewExtension.swift */,
			);
			path = UIKit;
			sourceTree = "<group>";
		};
		67B55B2A2250D0410027ABDD /* Foundation */ = {
			isa = PBXGroup;
			children = (
				67B55B2B2250D0410027ABDD /* URLQueryParameterStringConvertible.swift */,
				67B55B2C2250D0410027ABDD /* DataExtension.swift */,
			);
			path = Foundation;
			sourceTree = "<group>";
		};
		67B55B2D2250D0410027ABDD /* AppKit */ = {
			isa = PBXGroup;
			children = (
				67B55B2E2250D0410027ABDD /* NSImageViewExtension.swift */,
			);
			path = AppKit;
			sourceTree = "<group>";
		};
		67B55B2F2250D0410027ABDD /* WatchKit */ = {
			isa = PBXGroup;
			children = (
				67B55B302250D0410027ABDD /* WKImageViewExtension.swift */,
			);
			path = WatchKit;
			sourceTree = "<group>";
		};
		67B55B312250D0410027ABDD /* Manager */ = {
			isa = PBXGroup;
			children = (
				67B55B322250D0410027ABDD /* NetworkManagerProtocol.swift */,
				67B55B332250D0410027ABDD /* NetworkEnvironmentProtocol.swift */,
			);
			path = Manager;
			sourceTree = "<group>";
		};
		67B55B342250D0410027ABDD /* Reachability */ = {
			isa = PBXGroup;
			children = (
				67B55B352250D0410027ABDD /* ReachabilityService.swift */,
			);
			path = Reachability;
			sourceTree = "<group>";
		};
		67B55B362250D0410027ABDD /* Service */ = {
			isa = PBXGroup;
			children = (
				67B55B372250D0410027ABDD /* NetworkRouter.swift */,
				67B55B382250D0410027ABDD /* URLSessionProtocol.swift */,
				67B55B392250D0410027ABDD /* NetworkRouterProtocol.swift */,
			);
			path = Service;
			sourceTree = "<group>";
		};
		67B55B8E2250D04C0027ABDD /* Conf */ = {
			isa = PBXGroup;
			children = (
				67B55B8F2250D04C0027ABDD /* Info.plist */,
			);
			path = Conf;
			sourceTree = "<group>";
		};
		67B55B902250D11A0027ABDD /* RequestTests */ = {
			isa = PBXGroup;
			children = (
				67B55B912250D11A0027ABDD /* NetworkMock.swift */,
				67B55B922250D11A0027ABDD /* EndPointTypeMock.swift */,
				67B55B932250D11A0027ABDD /* NetworkRouterTest.swift */,
				67B55B942250D11A0027ABDD /* Request_Tests.swift */,
			);
			path = RequestTests;
			sourceTree = "<group>";
		};
/* End PBXGroup section */

/* Begin PBXHeadersBuildPhase section */
		6791306F2084EAFA00E815DD /* Headers */ = {
			isa = PBXHeadersBuildPhase;
			buildActionMask = 2147483647;
			files = (
				679130D22084EC3700E815DD /* Request.h in Headers */,
			);
			runOnlyForDeploymentPostprocessing = 0;
		};
		6791308C2084EB0C00E815DD /* Headers */ = {
			isa = PBXHeadersBuildPhase;
			buildActionMask = 2147483647;
			files = (
				679130D32084EC3700E815DD /* Request.h in Headers */,
			);
			runOnlyForDeploymentPostprocessing = 0;
		};
		679130992084EB1D00E815DD /* Headers */ = {
			isa = PBXHeadersBuildPhase;
			buildActionMask = 2147483647;
			files = (
				679130D42084EC3700E815DD /* Request.h in Headers */,
			);
			runOnlyForDeploymentPostprocessing = 0;
		};
		679130B52084EB2C00E815DD /* Headers */ = {
			isa = PBXHeadersBuildPhase;
			buildActionMask = 2147483647;
			files = (
				679130D52084EC3700E815DD /* Request.h in Headers */,
			);
			runOnlyForDeploymentPostprocessing = 0;
		};
/* End PBXHeadersBuildPhase section */

/* Begin PBXNativeTarget section */
		679130712084EAFA00E815DD /* Request iOS */ = {
			isa = PBXNativeTarget;
			buildConfigurationList = 679130842084EAFA00E815DD /* Build configuration list for PBXNativeTarget "Request iOS" */;
			buildPhases = (
				6791306D2084EAFA00E815DD /* Sources */,
				6791306E2084EAFA00E815DD /* Frameworks */,
				6791306F2084EAFA00E815DD /* Headers */,
				679130702084EAFA00E815DD /* Resources */,
			);
			buildRules = (
			);
			dependencies = (
			);
			name = "Request iOS";
			productName = "Request iOS";
			productReference = 679130722084EAFA00E815DD /* Request.framework */;
			productType = "com.apple.product-type.framework";
		};
		6791307A2084EAFA00E815DD /* Request iOSTests */ = {
			isa = PBXNativeTarget;
			buildConfigurationList = 679130872084EAFA00E815DD /* Build configuration list for PBXNativeTarget "Request iOSTests" */;
			buildPhases = (
				679130772084EAFA00E815DD /* Sources */,
				679130782084EAFA00E815DD /* Frameworks */,
				679130792084EAFA00E815DD /* Resources */,
			);
			buildRules = (
			);
			dependencies = (
				6791307E2084EAFA00E815DD /* PBXTargetDependency */,
			);
			name = "Request iOSTests";
			productName = "Request iOSTests";
			productReference = 6791307B2084EAFA00E815DD /* RequestTest.xctest */;
			productType = "com.apple.product-type.bundle.unit-test";
		};
		6791308E2084EB0C00E815DD /* Request watchOS */ = {
			isa = PBXNativeTarget;
			buildConfigurationList = 679130942084EB0C00E815DD /* Build configuration list for PBXNativeTarget "Request watchOS" */;
			buildPhases = (
				6791308A2084EB0C00E815DD /* Sources */,
				6791308B2084EB0C00E815DD /* Frameworks */,
				6791308C2084EB0C00E815DD /* Headers */,
				6791308D2084EB0C00E815DD /* Resources */,
			);
			buildRules = (
			);
			dependencies = (
			);
			name = "Request watchOS";
			productName = "Request watchOS";
			productReference = 6791308F2084EB0C00E815DD /* Request.framework */;
			productType = "com.apple.product-type.framework";
		};
		6791309B2084EB1D00E815DD /* Request tvOS */ = {
			isa = PBXNativeTarget;
			buildConfigurationList = 679130AD2084EB1D00E815DD /* Build configuration list for PBXNativeTarget "Request tvOS" */;
			buildPhases = (
				679130972084EB1D00E815DD /* Sources */,
				679130982084EB1D00E815DD /* Frameworks */,
				679130992084EB1D00E815DD /* Headers */,
				6791309A2084EB1D00E815DD /* Resources */,
			);
			buildRules = (
			);
			dependencies = (
			);
			name = "Request tvOS";
			productName = "Request tvOS";
			productReference = 6791309C2084EB1D00E815DD /* Request.framework */;
			productType = "com.apple.product-type.framework";
		};
		679130A32084EB1D00E815DD /* Request tvOSTests */ = {
			isa = PBXNativeTarget;
			buildConfigurationList = 679130B02084EB1D00E815DD /* Build configuration list for PBXNativeTarget "Request tvOSTests" */;
			buildPhases = (
				679130A02084EB1D00E815DD /* Sources */,
				679130A12084EB1D00E815DD /* Frameworks */,
				679130A22084EB1D00E815DD /* Resources */,
			);
			buildRules = (
			);
			dependencies = (
				679130A72084EB1D00E815DD /* PBXTargetDependency */,
			);
			name = "Request tvOSTests";
			productName = "Request tvOSTests";
			productReference = 679130A42084EB1D00E815DD /* RequestTest.xctest */;
			productType = "com.apple.product-type.bundle.unit-test";
		};
		679130B72084EB2C00E815DD /* Request macOS */ = {
			isa = PBXNativeTarget;
			buildConfigurationList = 679130C92084EB2C00E815DD /* Build configuration list for PBXNativeTarget "Request macOS" */;
			buildPhases = (
				679130B32084EB2C00E815DD /* Sources */,
				679130B42084EB2C00E815DD /* Frameworks */,
				679130B52084EB2C00E815DD /* Headers */,
				679130B62084EB2C00E815DD /* Resources */,
			);
			buildRules = (
			);
			dependencies = (
			);
			name = "Request macOS";
			productName = "Request macOS";
			productReference = 679130B82084EB2C00E815DD /* Request.framework */;
			productType = "com.apple.product-type.framework";
		};
		679130BF2084EB2C00E815DD /* Request macOSTests */ = {
			isa = PBXNativeTarget;
			buildConfigurationList = 679130CC2084EB2C00E815DD /* Build configuration list for PBXNativeTarget "Request macOSTests" */;
			buildPhases = (
				679130BC2084EB2C00E815DD /* Sources */,
				679130BD2084EB2C00E815DD /* Frameworks */,
				679130BE2084EB2C00E815DD /* Resources */,
			);
			buildRules = (
			);
			dependencies = (
				679130C32084EB2C00E815DD /* PBXTargetDependency */,
			);
			name = "Request macOSTests";
			productName = "Request macOSTests";
			productReference = 679130C02084EB2C00E815DD /* RequestTest.xctest */;
			productType = "com.apple.product-type.bundle.unit-test";
		};
/* End PBXNativeTarget section */

/* Begin PBXProject section */
		679130672084EAE000E815DD /* Project object */ = {
			isa = PBXProject;
			attributes = {
				LastSwiftUpdateCheck = 0930;
				LastUpgradeCheck = 0940;
				TargetAttributes = {
					679130712084EAFA00E815DD = {
						CreatedOnToolsVersion = 9.3;
						LastSwiftMigration = 1020;
					};
					6791307A2084EAFA00E815DD = {
						CreatedOnToolsVersion = 9.3;
						LastSwiftMigration = 1020;
					};
					6791308E2084EB0C00E815DD = {
						CreatedOnToolsVersion = 9.3;
						LastSwiftMigration = 0930;
					};
					6791309B2084EB1D00E815DD = {
						CreatedOnToolsVersion = 9.3;
						LastSwiftMigration = 1000;
					};
					679130A32084EB1D00E815DD = {
						CreatedOnToolsVersion = 9.3;
						LastSwiftMigration = 1000;
					};
					679130B72084EB2C00E815DD = {
						CreatedOnToolsVersion = 9.3;
						LastSwiftMigration = 1000;
					};
					679130BF2084EB2C00E815DD = {
						CreatedOnToolsVersion = 9.3;
						LastSwiftMigration = 1000;
					};
				};
			};
			buildConfigurationList = 6791306A2084EAE000E815DD /* Build configuration list for PBXProject "Request" */;
			compatibilityVersion = "Xcode 9.3";
			developmentRegion = en;
			hasScannedForEncodings = 0;
			knownRegions = (
				en,
				Base,
			);
			mainGroup = 679130662084EAE000E815DD;
			productRefGroup = 679130732084EAFA00E815DD /* Products */;
			projectDirPath = "";
			projectRoot = "";
			targets = (
				679130712084EAFA00E815DD /* Request iOS */,
				6791307A2084EAFA00E815DD /* Request iOSTests */,
				6791308E2084EB0C00E815DD /* Request watchOS */,
				6791309B2084EB1D00E815DD /* Request tvOS */,
				679130A32084EB1D00E815DD /* Request tvOSTests */,
				679130B72084EB2C00E815DD /* Request macOS */,
				679130BF2084EB2C00E815DD /* Request macOSTests */,
			);
		};
/* End PBXProject section */

/* Begin PBXResourcesBuildPhase section */
		679130702084EAFA00E815DD /* Resources */ = {
			isa = PBXResourcesBuildPhase;
			buildActionMask = 2147483647;
			files = (
			);
			runOnlyForDeploymentPostprocessing = 0;
		};
		679130792084EAFA00E815DD /* Resources */ = {
			isa = PBXResourcesBuildPhase;
			buildActionMask = 2147483647;
			files = (
			);
			runOnlyForDeploymentPostprocessing = 0;
		};
		6791308D2084EB0C00E815DD /* Resources */ = {
			isa = PBXResourcesBuildPhase;
			buildActionMask = 2147483647;
			files = (
			);
			runOnlyForDeploymentPostprocessing = 0;
		};
		6791309A2084EB1D00E815DD /* Resources */ = {
			isa = PBXResourcesBuildPhase;
			buildActionMask = 2147483647;
			files = (
			);
			runOnlyForDeploymentPostprocessing = 0;
		};
		679130A22084EB1D00E815DD /* Resources */ = {
			isa = PBXResourcesBuildPhase;
			buildActionMask = 2147483647;
			files = (
			);
			runOnlyForDeploymentPostprocessing = 0;
		};
		679130B62084EB2C00E815DD /* Resources */ = {
			isa = PBXResourcesBuildPhase;
			buildActionMask = 2147483647;
			files = (
			);
			runOnlyForDeploymentPostprocessing = 0;
		};
		679130BE2084EB2C00E815DD /* Resources */ = {
			isa = PBXResourcesBuildPhase;
			buildActionMask = 2147483647;
			files = (
			);
			runOnlyForDeploymentPostprocessing = 0;
		};
/* End PBXResourcesBuildPhase section */

/* Begin PBXSourcesBuildPhase section */
		6791306D2084EAFA00E815DD /* Sources */ = {
			isa = PBXSourcesBuildPhase;
			buildActionMask = 2147483647;
			files = (
				67B55B8A2250D0410027ABDD /* NetworkRouterProtocol.swift in Sources */,
				67B55B862250D0410027ABDD /* URLSessionProtocol.swift in Sources */,
				67B55B562250D0410027ABDD /* URLParameterEncoder.swift in Sources */,
				67B55B462250D0410027ABDD /* NetworkLogger.swift in Sources */,
				67B55B3E2250D0410027ABDD /* HTTPMethod.swift in Sources */,
				67B55B3A2250D0410027ABDD /* HTTPTask.swift in Sources */,
				67B55B422250D0410027ABDD /* EndPointType.swift in Sources */,
				67B55B5A2250D0410027ABDD /* JSONParameterEncoder.swift in Sources */,
				67B55B6A2250D0410027ABDD /* DataExtension.swift in Sources */,
				67B55B7A2250D0410027ABDD /* NetworkEnvironmentProtocol.swift in Sources */,
				67B55B622250D0410027ABDD /* UIImageViewExtension.swift in Sources */,
				67B55B4E2250D0410027ABDD /* CacheService.swift in Sources */,
				67B55B4A2250D0410027ABDD /* Response.swift in Sources */,
				67B55B662250D0410027ABDD /* URLQueryParameterStringConvertible.swift in Sources */,
				67B55B522250D0410027ABDD /* ParameterEncoder.swift in Sources */,
				67B55B5E2250D0410027ABDD /* NetworkError.swift in Sources */,
				67B55B7E2250D0410027ABDD /* ReachabilityService.swift in Sources */,
				67B55B722250D0410027ABDD /* WKImageViewExtension.swift in Sources */,
				67B55B822250D0410027ABDD /* NetworkRouter.swift in Sources */,
				67B55B762250D0410027ABDD /* NetworkManagerProtocol.swift in Sources */,
				67B55B6E2250D0410027ABDD /* NSImageViewExtension.swift in Sources */,
			);
			runOnlyForDeploymentPostprocessing = 0;
		};
		679130772084EAFA00E815DD /* Sources */ = {
			isa = PBXSourcesBuildPhase;
			buildActionMask = 2147483647;
			files = (
				67B55B982250D11A0027ABDD /* EndPointTypeMock.swift in Sources */,
				67B55B9E2250D11A0027ABDD /* Request_Tests.swift in Sources */,
				67B55B952250D11A0027ABDD /* NetworkMock.swift in Sources */,
				67B55B9B2250D11A0027ABDD /* NetworkRouterTest.swift in Sources */,
			);
			runOnlyForDeploymentPostprocessing = 0;
		};
		6791308A2084EB0C00E815DD /* Sources */ = {
			isa = PBXSourcesBuildPhase;
			buildActionMask = 2147483647;
			files = (
				67B55B8B2250D0410027ABDD /* NetworkRouterProtocol.swift in Sources */,
				67B55B872250D0410027ABDD /* URLSessionProtocol.swift in Sources */,
				67B55B572250D0410027ABDD /* URLParameterEncoder.swift in Sources */,
				67B55B472250D0410027ABDD /* NetworkLogger.swift in Sources */,
				67B55B3F2250D0410027ABDD /* HTTPMethod.swift in Sources */,
				67B55B3B2250D0410027ABDD /* HTTPTask.swift in Sources */,
				67B55B432250D0410027ABDD /* EndPointType.swift in Sources */,
				67B55B5B2250D0410027ABDD /* JSONParameterEncoder.swift in Sources */,
				67B55B6B2250D0410027ABDD /* DataExtension.swift in Sources */,
				67B55B7B2250D0410027ABDD /* NetworkEnvironmentProtocol.swift in Sources */,
				67B55B632250D0410027ABDD /* UIImageViewExtension.swift in Sources */,
				67B55B4F2250D0410027ABDD /* CacheService.swift in Sources */,
				67B55B4B2250D0410027ABDD /* Response.swift in Sources */,
				67B55B672250D0410027ABDD /* URLQueryParameterStringConvertible.swift in Sources */,
				67B55B532250D0410027ABDD /* ParameterEncoder.swift in Sources */,
				67B55B5F2250D0410027ABDD /* NetworkError.swift in Sources */,
				67B55B7F2250D0410027ABDD /* ReachabilityService.swift in Sources */,
				67B55B732250D0410027ABDD /* WKImageViewExtension.swift in Sources */,
				67B55B832250D0410027ABDD /* NetworkRouter.swift in Sources */,
				67B55B772250D0410027ABDD /* NetworkManagerProtocol.swift in Sources */,
				67B55B6F2250D0410027ABDD /* NSImageViewExtension.swift in Sources */,
			);
			runOnlyForDeploymentPostprocessing = 0;
		};
		679130972084EB1D00E815DD /* Sources */ = {
			isa = PBXSourcesBuildPhase;
			buildActionMask = 2147483647;
			files = (
				67B55B8C2250D0410027ABDD /* NetworkRouterProtocol.swift in Sources */,
				67B55B882250D0410027ABDD /* URLSessionProtocol.swift in Sources */,
				67B55B582250D0410027ABDD /* URLParameterEncoder.swift in Sources */,
				67B55B482250D0410027ABDD /* NetworkLogger.swift in Sources */,
				67B55B402250D0410027ABDD /* HTTPMethod.swift in Sources */,
				67B55B3C2250D0410027ABDD /* HTTPTask.swift in Sources */,
				67B55B442250D0410027ABDD /* EndPointType.swift in Sources */,
				67B55B5C2250D0410027ABDD /* JSONParameterEncoder.swift in Sources */,
				67B55B6C2250D0410027ABDD /* DataExtension.swift in Sources */,
				67B55B7C2250D0410027ABDD /* NetworkEnvironmentProtocol.swift in Sources */,
				67B55B642250D0410027ABDD /* UIImageViewExtension.swift in Sources */,
				67B55B502250D0410027ABDD /* CacheService.swift in Sources */,
				67B55B4C2250D0410027ABDD /* Response.swift in Sources */,
				67B55B682250D0410027ABDD /* URLQueryParameterStringConvertible.swift in Sources */,
				67B55B542250D0410027ABDD /* ParameterEncoder.swift in Sources */,
				67B55B602250D0410027ABDD /* NetworkError.swift in Sources */,
				67B55B802250D0410027ABDD /* ReachabilityService.swift in Sources */,
				67B55B742250D0410027ABDD /* WKImageViewExtension.swift in Sources */,
				67B55B842250D0410027ABDD /* NetworkRouter.swift in Sources */,
				67B55B782250D0410027ABDD /* NetworkManagerProtocol.swift in Sources */,
				67B55B702250D0410027ABDD /* NSImageViewExtension.swift in Sources */,
			);
			runOnlyForDeploymentPostprocessing = 0;
		};
		679130A02084EB1D00E815DD /* Sources */ = {
			isa = PBXSourcesBuildPhase;
			buildActionMask = 2147483647;
			files = (
				67B55B992250D11A0027ABDD /* EndPointTypeMock.swift in Sources */,
				67B55B9F2250D11A0027ABDD /* Request_Tests.swift in Sources */,
				67B55B962250D11A0027ABDD /* NetworkMock.swift in Sources */,
				67B55B9C2250D11A0027ABDD /* NetworkRouterTest.swift in Sources */,
			);
			runOnlyForDeploymentPostprocessing = 0;
		};
		679130B32084EB2C00E815DD /* Sources */ = {
			isa = PBXSourcesBuildPhase;
			buildActionMask = 2147483647;
			files = (
				67B55B8D2250D0410027ABDD /* NetworkRouterProtocol.swift in Sources */,
				67B55B892250D0410027ABDD /* URLSessionProtocol.swift in Sources */,
				67B55B592250D0410027ABDD /* URLParameterEncoder.swift in Sources */,
				67B55B492250D0410027ABDD /* NetworkLogger.swift in Sources */,
				67B55B412250D0410027ABDD /* HTTPMethod.swift in Sources */,
				67B55B3D2250D0410027ABDD /* HTTPTask.swift in Sources */,
				67B55B452250D0410027ABDD /* EndPointType.swift in Sources */,
				67B55B5D2250D0410027ABDD /* JSONParameterEncoder.swift in Sources */,
				67B55B6D2250D0410027ABDD /* DataExtension.swift in Sources */,
				67B55B7D2250D0410027ABDD /* NetworkEnvironmentProtocol.swift in Sources */,
				67B55B652250D0410027ABDD /* UIImageViewExtension.swift in Sources */,
				67B55B512250D0410027ABDD /* CacheService.swift in Sources */,
				67B55B4D2250D0410027ABDD /* Response.swift in Sources */,
				67B55B692250D0410027ABDD /* URLQueryParameterStringConvertible.swift in Sources */,
				67B55B552250D0410027ABDD /* ParameterEncoder.swift in Sources */,
				67B55B612250D0410027ABDD /* NetworkError.swift in Sources */,
				67B55B812250D0410027ABDD /* ReachabilityService.swift in Sources */,
				67B55B752250D0410027ABDD /* WKImageViewExtension.swift in Sources */,
				67B55B852250D0410027ABDD /* NetworkRouter.swift in Sources */,
				67B55B792250D0410027ABDD /* NetworkManagerProtocol.swift in Sources */,
				67B55B712250D0410027ABDD /* NSImageViewExtension.swift in Sources */,
			);
			runOnlyForDeploymentPostprocessing = 0;
		};
		679130BC2084EB2C00E815DD /* Sources */ = {
			isa = PBXSourcesBuildPhase;
			buildActionMask = 2147483647;
			files = (
				67B55B9A2250D11A0027ABDD /* EndPointTypeMock.swift in Sources */,
				67B55BA02250D11A0027ABDD /* Request_Tests.swift in Sources */,
				67B55B972250D11A0027ABDD /* NetworkMock.swift in Sources */,
				67B55B9D2250D11A0027ABDD /* NetworkRouterTest.swift in Sources */,
			);
			runOnlyForDeploymentPostprocessing = 0;
		};
/* End PBXSourcesBuildPhase section */

/* Begin PBXTargetDependency section */
		6791307E2084EAFA00E815DD /* PBXTargetDependency */ = {
			isa = PBXTargetDependency;
			target = 679130712084EAFA00E815DD /* Request iOS */;
			targetProxy = 6791307D2084EAFA00E815DD /* PBXContainerItemProxy */;
		};
		679130A72084EB1D00E815DD /* PBXTargetDependency */ = {
			isa = PBXTargetDependency;
			target = 6791309B2084EB1D00E815DD /* Request tvOS */;
			targetProxy = 679130A62084EB1D00E815DD /* PBXContainerItemProxy */;
		};
		679130C32084EB2C00E815DD /* PBXTargetDependency */ = {
			isa = PBXTargetDependency;
			target = 679130B72084EB2C00E815DD /* Request macOS */;
			targetProxy = 679130C22084EB2C00E815DD /* PBXContainerItemProxy */;
		};
/* End PBXTargetDependency section */

/* Begin XCBuildConfiguration section */
		6791306B2084EAE000E815DD /* Debug */ = {
			isa = XCBuildConfiguration;
			buildSettings = {
				CLANG_WARN_BLOCK_CAPTURE_AUTORELEASING = YES;
				CLANG_WARN_BOOL_CONVERSION = YES;
				CLANG_WARN_COMMA = YES;
				CLANG_WARN_CONSTANT_CONVERSION = YES;
				CLANG_WARN_DEPRECATED_OBJC_IMPLEMENTATIONS = YES;
				CLANG_WARN_EMPTY_BODY = YES;
				CLANG_WARN_ENUM_CONVERSION = YES;
				CLANG_WARN_INFINITE_RECURSION = YES;
				CLANG_WARN_INT_CONVERSION = YES;
				CLANG_WARN_NON_LITERAL_NULL_CONVERSION = YES;
				CLANG_WARN_OBJC_IMPLICIT_RETAIN_SELF = YES;
				CLANG_WARN_OBJC_LITERAL_CONVERSION = YES;
				CLANG_WARN_RANGE_LOOP_ANALYSIS = YES;
				CLANG_WARN_STRICT_PROTOTYPES = YES;
				CLANG_WARN_SUSPICIOUS_MOVE = YES;
				CLANG_WARN_UNREACHABLE_CODE = YES;
				CLANG_WARN__DUPLICATE_METHOD_MATCH = YES;
				ENABLE_STRICT_OBJC_MSGSEND = YES;
				ENABLE_TESTABILITY = YES;
				GCC_NO_COMMON_BLOCKS = YES;
				GCC_WARN_64_TO_32_BIT_CONVERSION = YES;
				GCC_WARN_ABOUT_RETURN_TYPE = YES;
				GCC_WARN_UNDECLARED_SELECTOR = YES;
				GCC_WARN_UNINITIALIZED_AUTOS = YES;
				GCC_WARN_UNUSED_FUNCTION = YES;
				GCC_WARN_UNUSED_VARIABLE = YES;
				ONLY_ACTIVE_ARCH = YES;
				PRODUCT_NAME = "$(PROJECT_NAME)";
			};
			name = Debug;
		};
		6791306C2084EAE000E815DD /* Release */ = {
			isa = XCBuildConfiguration;
			buildSettings = {
				CLANG_WARN_BLOCK_CAPTURE_AUTORELEASING = YES;
				CLANG_WARN_BOOL_CONVERSION = YES;
				CLANG_WARN_COMMA = YES;
				CLANG_WARN_CONSTANT_CONVERSION = YES;
				CLANG_WARN_DEPRECATED_OBJC_IMPLEMENTATIONS = YES;
				CLANG_WARN_EMPTY_BODY = YES;
				CLANG_WARN_ENUM_CONVERSION = YES;
				CLANG_WARN_INFINITE_RECURSION = YES;
				CLANG_WARN_INT_CONVERSION = YES;
				CLANG_WARN_NON_LITERAL_NULL_CONVERSION = YES;
				CLANG_WARN_OBJC_IMPLICIT_RETAIN_SELF = YES;
				CLANG_WARN_OBJC_LITERAL_CONVERSION = YES;
				CLANG_WARN_RANGE_LOOP_ANALYSIS = YES;
				CLANG_WARN_STRICT_PROTOTYPES = YES;
				CLANG_WARN_SUSPICIOUS_MOVE = YES;
				CLANG_WARN_UNREACHABLE_CODE = YES;
				CLANG_WARN__DUPLICATE_METHOD_MATCH = YES;
				ENABLE_STRICT_OBJC_MSGSEND = YES;
				GCC_NO_COMMON_BLOCKS = YES;
				GCC_WARN_64_TO_32_BIT_CONVERSION = YES;
				GCC_WARN_ABOUT_RETURN_TYPE = YES;
				GCC_WARN_UNDECLARED_SELECTOR = YES;
				GCC_WARN_UNINITIALIZED_AUTOS = YES;
				GCC_WARN_UNUSED_FUNCTION = YES;
				GCC_WARN_UNUSED_VARIABLE = YES;
				PRODUCT_NAME = "$(PROJECT_NAME)";
			};
			name = Release;
		};
		679130852084EAFA00E815DD /* Debug */ = {
			isa = XCBuildConfiguration;
			buildSettings = {
				ALWAYS_SEARCH_USER_PATHS = NO;
				CLANG_ANALYZER_NONNULL = YES;
				CLANG_ANALYZER_NUMBER_OBJECT_CONVERSION = YES_AGGRESSIVE;
				CLANG_CXX_LANGUAGE_STANDARD = "gnu++14";
				CLANG_CXX_LIBRARY = "libc++";
				CLANG_ENABLE_MODULES = YES;
				CLANG_ENABLE_OBJC_ARC = YES;
				CLANG_ENABLE_OBJC_WEAK = YES;
				CLANG_WARN_BLOCK_CAPTURE_AUTORELEASING = YES;
				CLANG_WARN_BOOL_CONVERSION = YES;
				CLANG_WARN_COMMA = YES;
				CLANG_WARN_CONSTANT_CONVERSION = YES;
				CLANG_WARN_DEPRECATED_OBJC_IMPLEMENTATIONS = YES;
				CLANG_WARN_DIRECT_OBJC_ISA_USAGE = YES_ERROR;
				CLANG_WARN_DOCUMENTATION_COMMENTS = YES;
				CLANG_WARN_EMPTY_BODY = YES;
				CLANG_WARN_ENUM_CONVERSION = YES;
				CLANG_WARN_INFINITE_RECURSION = YES;
				CLANG_WARN_INT_CONVERSION = YES;
				CLANG_WARN_NON_LITERAL_NULL_CONVERSION = YES;
				CLANG_WARN_OBJC_IMPLICIT_RETAIN_SELF = YES;
				CLANG_WARN_OBJC_LITERAL_CONVERSION = YES;
				CLANG_WARN_OBJC_ROOT_CLASS = YES_ERROR;
				CLANG_WARN_RANGE_LOOP_ANALYSIS = YES;
				CLANG_WARN_STRICT_PROTOTYPES = YES;
				CLANG_WARN_SUSPICIOUS_MOVE = YES;
				CLANG_WARN_UNGUARDED_AVAILABILITY = YES_AGGRESSIVE;
				CLANG_WARN_UNREACHABLE_CODE = YES;
				CLANG_WARN__DUPLICATE_METHOD_MATCH = YES;
				CODE_SIGN_IDENTITY = "";
				CODE_SIGN_STYLE = Manual;
				COPY_PHASE_STRIP = NO;
				CURRENT_PROJECT_VERSION = 1;
				DEBUG_INFORMATION_FORMAT = dwarf;
				DEFINES_MODULE = YES;
				DEVELOPMENT_TEAM = "";
				DYLIB_COMPATIBILITY_VERSION = 1;
				DYLIB_CURRENT_VERSION = 1;
				DYLIB_INSTALL_NAME_BASE = "@rpath";
				ENABLE_STRICT_OBJC_MSGSEND = YES;
				ENABLE_TESTABILITY = YES;
				GCC_C_LANGUAGE_STANDARD = gnu11;
				GCC_DYNAMIC_NO_PIC = NO;
				GCC_NO_COMMON_BLOCKS = YES;
				GCC_OPTIMIZATION_LEVEL = 0;
				GCC_PREPROCESSOR_DEFINITIONS = (
					"DEBUG=1",
					"$(inherited)",
				);
				GCC_WARN_64_TO_32_BIT_CONVERSION = YES;
				GCC_WARN_ABOUT_RETURN_TYPE = YES_ERROR;
				GCC_WARN_UNDECLARED_SELECTOR = YES;
				GCC_WARN_UNINITIALIZED_AUTOS = YES_AGGRESSIVE;
				GCC_WARN_UNUSED_FUNCTION = YES;
				GCC_WARN_UNUSED_VARIABLE = YES;
				INFOPLIST_FILE = Sources/Conf/Info.plist;
				INSTALL_PATH = "$(LOCAL_LIBRARY_DIR)/Frameworks";
				IPHONEOS_DEPLOYMENT_TARGET = 10.0;
				LD_RUNPATH_SEARCH_PATHS = (
					"$(inherited)",
					"@executable_path/Frameworks",
					"@loader_path/Frameworks",
				);
				MTL_ENABLE_DEBUG_INFO = YES;
				ONLY_ACTIVE_ARCH = YES;
				PRODUCT_BUNDLE_IDENTIFIER = "com.nebuladev.$(PROJECT_NAME)";
				PROVISIONING_PROFILE_SPECIFIER = "";
				SDKROOT = iphoneos;
				SKIP_INSTALL = YES;
				SWIFT_ACTIVE_COMPILATION_CONDITIONS = DEBUG;
				SWIFT_OPTIMIZATION_LEVEL = "-Onone";
				SWIFT_VERSION = 5.0;
				TARGETED_DEVICE_FAMILY = "1,2";
				VERSIONING_SYSTEM = "apple-generic";
				VERSION_INFO_PREFIX = "";
			};
			name = Debug;
		};
		679130862084EAFA00E815DD /* Release */ = {
			isa = XCBuildConfiguration;
			buildSettings = {
				ALWAYS_SEARCH_USER_PATHS = NO;
				CLANG_ANALYZER_NONNULL = YES;
				CLANG_ANALYZER_NUMBER_OBJECT_CONVERSION = YES_AGGRESSIVE;
				CLANG_CXX_LANGUAGE_STANDARD = "gnu++14";
				CLANG_CXX_LIBRARY = "libc++";
				CLANG_ENABLE_MODULES = YES;
				CLANG_ENABLE_OBJC_ARC = YES;
				CLANG_ENABLE_OBJC_WEAK = YES;
				CLANG_WARN_BLOCK_CAPTURE_AUTORELEASING = YES;
				CLANG_WARN_BOOL_CONVERSION = YES;
				CLANG_WARN_COMMA = YES;
				CLANG_WARN_CONSTANT_CONVERSION = YES;
				CLANG_WARN_DEPRECATED_OBJC_IMPLEMENTATIONS = YES;
				CLANG_WARN_DIRECT_OBJC_ISA_USAGE = YES_ERROR;
				CLANG_WARN_DOCUMENTATION_COMMENTS = YES;
				CLANG_WARN_EMPTY_BODY = YES;
				CLANG_WARN_ENUM_CONVERSION = YES;
				CLANG_WARN_INFINITE_RECURSION = YES;
				CLANG_WARN_INT_CONVERSION = YES;
				CLANG_WARN_NON_LITERAL_NULL_CONVERSION = YES;
				CLANG_WARN_OBJC_IMPLICIT_RETAIN_SELF = YES;
				CLANG_WARN_OBJC_LITERAL_CONVERSION = YES;
				CLANG_WARN_OBJC_ROOT_CLASS = YES_ERROR;
				CLANG_WARN_RANGE_LOOP_ANALYSIS = YES;
				CLANG_WARN_STRICT_PROTOTYPES = YES;
				CLANG_WARN_SUSPICIOUS_MOVE = YES;
				CLANG_WARN_UNGUARDED_AVAILABILITY = YES_AGGRESSIVE;
				CLANG_WARN_UNREACHABLE_CODE = YES;
				CLANG_WARN__DUPLICATE_METHOD_MATCH = YES;
				CODE_SIGN_IDENTITY = "";
				CODE_SIGN_STYLE = Manual;
				COPY_PHASE_STRIP = NO;
				CURRENT_PROJECT_VERSION = 1;
				DEBUG_INFORMATION_FORMAT = "dwarf-with-dsym";
				DEFINES_MODULE = YES;
				DEVELOPMENT_TEAM = "";
				DYLIB_COMPATIBILITY_VERSION = 1;
				DYLIB_CURRENT_VERSION = 1;
				DYLIB_INSTALL_NAME_BASE = "@rpath";
				ENABLE_NS_ASSERTIONS = NO;
				ENABLE_STRICT_OBJC_MSGSEND = YES;
				GCC_C_LANGUAGE_STANDARD = gnu11;
				GCC_NO_COMMON_BLOCKS = YES;
				GCC_WARN_64_TO_32_BIT_CONVERSION = YES;
				GCC_WARN_ABOUT_RETURN_TYPE = YES_ERROR;
				GCC_WARN_UNDECLARED_SELECTOR = YES;
				GCC_WARN_UNINITIALIZED_AUTOS = YES_AGGRESSIVE;
				GCC_WARN_UNUSED_FUNCTION = YES;
				GCC_WARN_UNUSED_VARIABLE = YES;
				INFOPLIST_FILE = Sources/Conf/Info.plist;
				INSTALL_PATH = "$(LOCAL_LIBRARY_DIR)/Frameworks";
				IPHONEOS_DEPLOYMENT_TARGET = 10.0;
				LD_RUNPATH_SEARCH_PATHS = (
					"$(inherited)",
					"@executable_path/Frameworks",
					"@loader_path/Frameworks",
				);
				MTL_ENABLE_DEBUG_INFO = NO;
				PRODUCT_BUNDLE_IDENTIFIER = "com.nebuladev.$(PROJECT_NAME)";
				PROVISIONING_PROFILE_SPECIFIER = "";
				SDKROOT = iphoneos;
				SKIP_INSTALL = YES;
				SWIFT_COMPILATION_MODE = wholemodule;
				SWIFT_OPTIMIZATION_LEVEL = "-O";
				SWIFT_VERSION = 5.0;
				TARGETED_DEVICE_FAMILY = "1,2";
				VALIDATE_PRODUCT = YES;
				VERSIONING_SYSTEM = "apple-generic";
				VERSION_INFO_PREFIX = "";
			};
			name = Release;
		};
		679130882084EAFA00E815DD /* Debug */ = {
			isa = XCBuildConfiguration;
			buildSettings = {
				ALWAYS_EMBED_SWIFT_STANDARD_LIBRARIES = YES;
				ALWAYS_SEARCH_USER_PATHS = NO;
				CLANG_ANALYZER_NONNULL = YES;
				CLANG_ANALYZER_NUMBER_OBJECT_CONVERSION = YES_AGGRESSIVE;
				CLANG_CXX_LANGUAGE_STANDARD = "gnu++14";
				CLANG_CXX_LIBRARY = "libc++";
				CLANG_ENABLE_MODULES = YES;
				CLANG_ENABLE_OBJC_ARC = YES;
				CLANG_ENABLE_OBJC_WEAK = YES;
				CLANG_WARN_BLOCK_CAPTURE_AUTORELEASING = YES;
				CLANG_WARN_BOOL_CONVERSION = YES;
				CLANG_WARN_COMMA = YES;
				CLANG_WARN_CONSTANT_CONVERSION = YES;
				CLANG_WARN_DEPRECATED_OBJC_IMPLEMENTATIONS = YES;
				CLANG_WARN_DIRECT_OBJC_ISA_USAGE = YES_ERROR;
				CLANG_WARN_DOCUMENTATION_COMMENTS = YES;
				CLANG_WARN_EMPTY_BODY = YES;
				CLANG_WARN_ENUM_CONVERSION = YES;
				CLANG_WARN_INFINITE_RECURSION = YES;
				CLANG_WARN_INT_CONVERSION = YES;
				CLANG_WARN_NON_LITERAL_NULL_CONVERSION = YES;
				CLANG_WARN_OBJC_IMPLICIT_RETAIN_SELF = YES;
				CLANG_WARN_OBJC_LITERAL_CONVERSION = YES;
				CLANG_WARN_OBJC_ROOT_CLASS = YES_ERROR;
				CLANG_WARN_RANGE_LOOP_ANALYSIS = YES;
				CLANG_WARN_STRICT_PROTOTYPES = YES;
				CLANG_WARN_SUSPICIOUS_MOVE = YES;
				CLANG_WARN_UNGUARDED_AVAILABILITY = YES_AGGRESSIVE;
				CLANG_WARN_UNREACHABLE_CODE = YES;
				CLANG_WARN__DUPLICATE_METHOD_MATCH = YES;
				CODE_SIGN_IDENTITY = "";
				CODE_SIGN_STYLE = Manual;
				COPY_PHASE_STRIP = NO;
				DEBUG_INFORMATION_FORMAT = dwarf;
				DEVELOPMENT_TEAM = "";
				ENABLE_STRICT_OBJC_MSGSEND = YES;
				ENABLE_TESTABILITY = YES;
				GCC_C_LANGUAGE_STANDARD = gnu11;
				GCC_DYNAMIC_NO_PIC = NO;
				GCC_NO_COMMON_BLOCKS = YES;
				GCC_OPTIMIZATION_LEVEL = 0;
				GCC_PREPROCESSOR_DEFINITIONS = (
					"DEBUG=1",
					"$(inherited)",
				);
				GCC_WARN_64_TO_32_BIT_CONVERSION = YES;
				GCC_WARN_ABOUT_RETURN_TYPE = YES_ERROR;
				GCC_WARN_UNDECLARED_SELECTOR = YES;
				GCC_WARN_UNINITIALIZED_AUTOS = YES_AGGRESSIVE;
				GCC_WARN_UNUSED_FUNCTION = YES;
				GCC_WARN_UNUSED_VARIABLE = YES;
				INFOPLIST_FILE = Tests/Info.plist;
				IPHONEOS_DEPLOYMENT_TARGET = 11.3;
				LD_RUNPATH_SEARCH_PATHS = (
					"$(inherited)",
					"@executable_path/Frameworks",
					"@loader_path/Frameworks",
				);
				MTL_ENABLE_DEBUG_INFO = YES;
				ONLY_ACTIVE_ARCH = YES;
				PRODUCT_BUNDLE_IDENTIFIER = "com.nebuladev.$(PROJECT_NAME)Tests";
				PRODUCT_NAME = "$(PROJECT_NAME)Test";
				PROVISIONING_PROFILE_SPECIFIER = "";
				SDKROOT = iphoneos;
				SWIFT_ACTIVE_COMPILATION_CONDITIONS = DEBUG;
				SWIFT_OPTIMIZATION_LEVEL = "-Onone";
				SWIFT_VERSION = 5.0;
				TARGETED_DEVICE_FAMILY = "1,2";
			};
			name = Debug;
		};
		679130892084EAFA00E815DD /* Release */ = {
			isa = XCBuildConfiguration;
			buildSettings = {
				ALWAYS_EMBED_SWIFT_STANDARD_LIBRARIES = YES;
				ALWAYS_SEARCH_USER_PATHS = NO;
				CLANG_ANALYZER_NONNULL = YES;
				CLANG_ANALYZER_NUMBER_OBJECT_CONVERSION = YES_AGGRESSIVE;
				CLANG_CXX_LANGUAGE_STANDARD = "gnu++14";
				CLANG_CXX_LIBRARY = "libc++";
				CLANG_ENABLE_MODULES = YES;
				CLANG_ENABLE_OBJC_ARC = YES;
				CLANG_ENABLE_OBJC_WEAK = YES;
				CLANG_WARN_BLOCK_CAPTURE_AUTORELEASING = YES;
				CLANG_WARN_BOOL_CONVERSION = YES;
				CLANG_WARN_COMMA = YES;
				CLANG_WARN_CONSTANT_CONVERSION = YES;
				CLANG_WARN_DEPRECATED_OBJC_IMPLEMENTATIONS = YES;
				CLANG_WARN_DIRECT_OBJC_ISA_USAGE = YES_ERROR;
				CLANG_WARN_DOCUMENTATION_COMMENTS = YES;
				CLANG_WARN_EMPTY_BODY = YES;
				CLANG_WARN_ENUM_CONVERSION = YES;
				CLANG_WARN_INFINITE_RECURSION = YES;
				CLANG_WARN_INT_CONVERSION = YES;
				CLANG_WARN_NON_LITERAL_NULL_CONVERSION = YES;
				CLANG_WARN_OBJC_IMPLICIT_RETAIN_SELF = YES;
				CLANG_WARN_OBJC_LITERAL_CONVERSION = YES;
				CLANG_WARN_OBJC_ROOT_CLASS = YES_ERROR;
				CLANG_WARN_RANGE_LOOP_ANALYSIS = YES;
				CLANG_WARN_STRICT_PROTOTYPES = YES;
				CLANG_WARN_SUSPICIOUS_MOVE = YES;
				CLANG_WARN_UNGUARDED_AVAILABILITY = YES_AGGRESSIVE;
				CLANG_WARN_UNREACHABLE_CODE = YES;
				CLANG_WARN__DUPLICATE_METHOD_MATCH = YES;
				CODE_SIGN_IDENTITY = "";
				CODE_SIGN_STYLE = Manual;
				COPY_PHASE_STRIP = NO;
				DEBUG_INFORMATION_FORMAT = "dwarf-with-dsym";
				DEVELOPMENT_TEAM = "";
				ENABLE_NS_ASSERTIONS = NO;
				ENABLE_STRICT_OBJC_MSGSEND = YES;
				GCC_C_LANGUAGE_STANDARD = gnu11;
				GCC_NO_COMMON_BLOCKS = YES;
				GCC_WARN_64_TO_32_BIT_CONVERSION = YES;
				GCC_WARN_ABOUT_RETURN_TYPE = YES_ERROR;
				GCC_WARN_UNDECLARED_SELECTOR = YES;
				GCC_WARN_UNINITIALIZED_AUTOS = YES_AGGRESSIVE;
				GCC_WARN_UNUSED_FUNCTION = YES;
				GCC_WARN_UNUSED_VARIABLE = YES;
				INFOPLIST_FILE = Tests/Info.plist;
				IPHONEOS_DEPLOYMENT_TARGET = 11.3;
				LD_RUNPATH_SEARCH_PATHS = (
					"$(inherited)",
					"@executable_path/Frameworks",
					"@loader_path/Frameworks",
				);
				MTL_ENABLE_DEBUG_INFO = NO;
				PRODUCT_BUNDLE_IDENTIFIER = "com.nebuladev.$(PROJECT_NAME)Tests";
				PRODUCT_NAME = "$(PROJECT_NAME)Test";
				PROVISIONING_PROFILE_SPECIFIER = "";
				SDKROOT = iphoneos;
				SWIFT_COMPILATION_MODE = wholemodule;
				SWIFT_OPTIMIZATION_LEVEL = "-O";
				SWIFT_VERSION = 5.0;
				TARGETED_DEVICE_FAMILY = "1,2";
				VALIDATE_PRODUCT = YES;
			};
			name = Release;
		};
		679130952084EB0C00E815DD /* Debug */ = {
			isa = XCBuildConfiguration;
			buildSettings = {
				ALWAYS_SEARCH_USER_PATHS = NO;
				APPLICATION_EXTENSION_API_ONLY = YES;
				CLANG_ANALYZER_NONNULL = YES;
				CLANG_ANALYZER_NUMBER_OBJECT_CONVERSION = YES_AGGRESSIVE;
				CLANG_CXX_LANGUAGE_STANDARD = "gnu++14";
				CLANG_CXX_LIBRARY = "libc++";
				CLANG_ENABLE_MODULES = YES;
				CLANG_ENABLE_OBJC_ARC = YES;
				CLANG_ENABLE_OBJC_WEAK = YES;
				CLANG_WARN_BLOCK_CAPTURE_AUTORELEASING = YES;
				CLANG_WARN_BOOL_CONVERSION = YES;
				CLANG_WARN_COMMA = YES;
				CLANG_WARN_CONSTANT_CONVERSION = YES;
				CLANG_WARN_DEPRECATED_OBJC_IMPLEMENTATIONS = YES;
				CLANG_WARN_DIRECT_OBJC_ISA_USAGE = YES_ERROR;
				CLANG_WARN_DOCUMENTATION_COMMENTS = YES;
				CLANG_WARN_EMPTY_BODY = YES;
				CLANG_WARN_ENUM_CONVERSION = YES;
				CLANG_WARN_INFINITE_RECURSION = YES;
				CLANG_WARN_INT_CONVERSION = YES;
				CLANG_WARN_NON_LITERAL_NULL_CONVERSION = YES;
				CLANG_WARN_OBJC_IMPLICIT_RETAIN_SELF = YES;
				CLANG_WARN_OBJC_LITERAL_CONVERSION = YES;
				CLANG_WARN_OBJC_ROOT_CLASS = YES_ERROR;
				CLANG_WARN_RANGE_LOOP_ANALYSIS = YES;
				CLANG_WARN_STRICT_PROTOTYPES = YES;
				CLANG_WARN_SUSPICIOUS_MOVE = YES;
				CLANG_WARN_UNGUARDED_AVAILABILITY = YES_AGGRESSIVE;
				CLANG_WARN_UNREACHABLE_CODE = YES;
				CLANG_WARN__DUPLICATE_METHOD_MATCH = YES;
				CODE_SIGN_IDENTITY = "";
				CODE_SIGN_STYLE = Manual;
				COPY_PHASE_STRIP = NO;
				CURRENT_PROJECT_VERSION = 1;
				DEBUG_INFORMATION_FORMAT = dwarf;
				DEFINES_MODULE = YES;
				DEVELOPMENT_TEAM = "";
				DYLIB_COMPATIBILITY_VERSION = 1;
				DYLIB_CURRENT_VERSION = 1;
				DYLIB_INSTALL_NAME_BASE = "@rpath";
				ENABLE_STRICT_OBJC_MSGSEND = YES;
				ENABLE_TESTABILITY = YES;
				GCC_C_LANGUAGE_STANDARD = gnu11;
				GCC_DYNAMIC_NO_PIC = NO;
				GCC_NO_COMMON_BLOCKS = YES;
				GCC_OPTIMIZATION_LEVEL = 0;
				GCC_PREPROCESSOR_DEFINITIONS = (
					"DEBUG=1",
					"$(inherited)",
				);
				GCC_WARN_64_TO_32_BIT_CONVERSION = YES;
				GCC_WARN_ABOUT_RETURN_TYPE = YES_ERROR;
				GCC_WARN_UNDECLARED_SELECTOR = YES;
				GCC_WARN_UNINITIALIZED_AUTOS = YES_AGGRESSIVE;
				GCC_WARN_UNUSED_FUNCTION = YES;
				GCC_WARN_UNUSED_VARIABLE = YES;
				INFOPLIST_FILE = Sources/Conf/Info.plist;
				INSTALL_PATH = "$(LOCAL_LIBRARY_DIR)/Frameworks";
				LD_RUNPATH_SEARCH_PATHS = (
					"$(inherited)",
					"@executable_path/Frameworks",
					"@loader_path/Frameworks",
				);
				MTL_ENABLE_DEBUG_INFO = YES;
				ONLY_ACTIVE_ARCH = YES;
				PRODUCT_BUNDLE_IDENTIFIER = "com.nebuladev.$(PROJECT_NAME)";
				PROVISIONING_PROFILE_SPECIFIER = "";
				SDKROOT = watchos;
				SKIP_INSTALL = YES;
				SWIFT_ACTIVE_COMPILATION_CONDITIONS = DEBUG;
				SWIFT_OPTIMIZATION_LEVEL = "-Onone";
				SWIFT_VERSION = 4.0;
				TARGETED_DEVICE_FAMILY = 4;
				VERSIONING_SYSTEM = "apple-generic";
				VERSION_INFO_PREFIX = "";
				WATCHOS_DEPLOYMENT_TARGET = 4.0;
			};
			name = Debug;
		};
		679130962084EB0C00E815DD /* Release */ = {
			isa = XCBuildConfiguration;
			buildSettings = {
				ALWAYS_SEARCH_USER_PATHS = NO;
				APPLICATION_EXTENSION_API_ONLY = YES;
				CLANG_ANALYZER_NONNULL = YES;
				CLANG_ANALYZER_NUMBER_OBJECT_CONVERSION = YES_AGGRESSIVE;
				CLANG_CXX_LANGUAGE_STANDARD = "gnu++14";
				CLANG_CXX_LIBRARY = "libc++";
				CLANG_ENABLE_MODULES = YES;
				CLANG_ENABLE_OBJC_ARC = YES;
				CLANG_ENABLE_OBJC_WEAK = YES;
				CLANG_WARN_BLOCK_CAPTURE_AUTORELEASING = YES;
				CLANG_WARN_BOOL_CONVERSION = YES;
				CLANG_WARN_COMMA = YES;
				CLANG_WARN_CONSTANT_CONVERSION = YES;
				CLANG_WARN_DEPRECATED_OBJC_IMPLEMENTATIONS = YES;
				CLANG_WARN_DIRECT_OBJC_ISA_USAGE = YES_ERROR;
				CLANG_WARN_DOCUMENTATION_COMMENTS = YES;
				CLANG_WARN_EMPTY_BODY = YES;
				CLANG_WARN_ENUM_CONVERSION = YES;
				CLANG_WARN_INFINITE_RECURSION = YES;
				CLANG_WARN_INT_CONVERSION = YES;
				CLANG_WARN_NON_LITERAL_NULL_CONVERSION = YES;
				CLANG_WARN_OBJC_IMPLICIT_RETAIN_SELF = YES;
				CLANG_WARN_OBJC_LITERAL_CONVERSION = YES;
				CLANG_WARN_OBJC_ROOT_CLASS = YES_ERROR;
				CLANG_WARN_RANGE_LOOP_ANALYSIS = YES;
				CLANG_WARN_STRICT_PROTOTYPES = YES;
				CLANG_WARN_SUSPICIOUS_MOVE = YES;
				CLANG_WARN_UNGUARDED_AVAILABILITY = YES_AGGRESSIVE;
				CLANG_WARN_UNREACHABLE_CODE = YES;
				CLANG_WARN__DUPLICATE_METHOD_MATCH = YES;
				CODE_SIGN_IDENTITY = "";
				CODE_SIGN_STYLE = Manual;
				COPY_PHASE_STRIP = NO;
				CURRENT_PROJECT_VERSION = 1;
				DEBUG_INFORMATION_FORMAT = "dwarf-with-dsym";
				DEFINES_MODULE = YES;
				DEVELOPMENT_TEAM = "";
				DYLIB_COMPATIBILITY_VERSION = 1;
				DYLIB_CURRENT_VERSION = 1;
				DYLIB_INSTALL_NAME_BASE = "@rpath";
				ENABLE_NS_ASSERTIONS = NO;
				ENABLE_STRICT_OBJC_MSGSEND = YES;
				GCC_C_LANGUAGE_STANDARD = gnu11;
				GCC_NO_COMMON_BLOCKS = YES;
				GCC_WARN_64_TO_32_BIT_CONVERSION = YES;
				GCC_WARN_ABOUT_RETURN_TYPE = YES_ERROR;
				GCC_WARN_UNDECLARED_SELECTOR = YES;
				GCC_WARN_UNINITIALIZED_AUTOS = YES_AGGRESSIVE;
				GCC_WARN_UNUSED_FUNCTION = YES;
				GCC_WARN_UNUSED_VARIABLE = YES;
				INFOPLIST_FILE = Sources/Conf/Info.plist;
				INSTALL_PATH = "$(LOCAL_LIBRARY_DIR)/Frameworks";
				LD_RUNPATH_SEARCH_PATHS = (
					"$(inherited)",
					"@executable_path/Frameworks",
					"@loader_path/Frameworks",
				);
				MTL_ENABLE_DEBUG_INFO = NO;
				PRODUCT_BUNDLE_IDENTIFIER = "com.nebuladev.$(PROJECT_NAME)";
				PROVISIONING_PROFILE_SPECIFIER = "";
				SDKROOT = watchos;
				SKIP_INSTALL = YES;
				SWIFT_COMPILATION_MODE = wholemodule;
				SWIFT_OPTIMIZATION_LEVEL = "-O";
				SWIFT_VERSION = 4.0;
				TARGETED_DEVICE_FAMILY = 4;
				VALIDATE_PRODUCT = YES;
				VERSIONING_SYSTEM = "apple-generic";
				VERSION_INFO_PREFIX = "";
				WATCHOS_DEPLOYMENT_TARGET = 4.0;
			};
			name = Release;
		};
		679130AE2084EB1D00E815DD /* Debug */ = {
			isa = XCBuildConfiguration;
			buildSettings = {
				ALWAYS_SEARCH_USER_PATHS = NO;
				CLANG_ANALYZER_NONNULL = YES;
				CLANG_ANALYZER_NUMBER_OBJECT_CONVERSION = YES_AGGRESSIVE;
				CLANG_CXX_LANGUAGE_STANDARD = "gnu++14";
				CLANG_CXX_LIBRARY = "libc++";
				CLANG_ENABLE_MODULES = YES;
				CLANG_ENABLE_OBJC_ARC = YES;
				CLANG_ENABLE_OBJC_WEAK = YES;
				CLANG_WARN_BLOCK_CAPTURE_AUTORELEASING = YES;
				CLANG_WARN_BOOL_CONVERSION = YES;
				CLANG_WARN_COMMA = YES;
				CLANG_WARN_CONSTANT_CONVERSION = YES;
				CLANG_WARN_DEPRECATED_OBJC_IMPLEMENTATIONS = YES;
				CLANG_WARN_DIRECT_OBJC_ISA_USAGE = YES_ERROR;
				CLANG_WARN_DOCUMENTATION_COMMENTS = YES;
				CLANG_WARN_EMPTY_BODY = YES;
				CLANG_WARN_ENUM_CONVERSION = YES;
				CLANG_WARN_INFINITE_RECURSION = YES;
				CLANG_WARN_INT_CONVERSION = YES;
				CLANG_WARN_NON_LITERAL_NULL_CONVERSION = YES;
				CLANG_WARN_OBJC_IMPLICIT_RETAIN_SELF = YES;
				CLANG_WARN_OBJC_LITERAL_CONVERSION = YES;
				CLANG_WARN_OBJC_ROOT_CLASS = YES_ERROR;
				CLANG_WARN_RANGE_LOOP_ANALYSIS = YES;
				CLANG_WARN_STRICT_PROTOTYPES = YES;
				CLANG_WARN_SUSPICIOUS_MOVE = YES;
				CLANG_WARN_UNGUARDED_AVAILABILITY = YES_AGGRESSIVE;
				CLANG_WARN_UNREACHABLE_CODE = YES;
				CLANG_WARN__DUPLICATE_METHOD_MATCH = YES;
				CODE_SIGN_IDENTITY = "";
				CODE_SIGN_STYLE = Manual;
				COPY_PHASE_STRIP = NO;
				CURRENT_PROJECT_VERSION = 1;
				DEBUG_INFORMATION_FORMAT = dwarf;
				DEFINES_MODULE = YES;
				DEVELOPMENT_TEAM = "";
				DYLIB_COMPATIBILITY_VERSION = 1;
				DYLIB_CURRENT_VERSION = 1;
				DYLIB_INSTALL_NAME_BASE = "@rpath";
				ENABLE_STRICT_OBJC_MSGSEND = YES;
				ENABLE_TESTABILITY = YES;
				GCC_C_LANGUAGE_STANDARD = gnu11;
				GCC_DYNAMIC_NO_PIC = NO;
				GCC_NO_COMMON_BLOCKS = YES;
				GCC_OPTIMIZATION_LEVEL = 0;
				GCC_PREPROCESSOR_DEFINITIONS = (
					"DEBUG=1",
					"$(inherited)",
				);
				GCC_WARN_64_TO_32_BIT_CONVERSION = YES;
				GCC_WARN_ABOUT_RETURN_TYPE = YES_ERROR;
				GCC_WARN_UNDECLARED_SELECTOR = YES;
				GCC_WARN_UNINITIALIZED_AUTOS = YES_AGGRESSIVE;
				GCC_WARN_UNUSED_FUNCTION = YES;
				GCC_WARN_UNUSED_VARIABLE = YES;
				INFOPLIST_FILE = Sources/Conf/Info.plist;
				INSTALL_PATH = "$(LOCAL_LIBRARY_DIR)/Frameworks";
				LD_RUNPATH_SEARCH_PATHS = (
					"$(inherited)",
					"@executable_path/Frameworks",
					"@loader_path/Frameworks",
				);
				MTL_ENABLE_DEBUG_INFO = YES;
				ONLY_ACTIVE_ARCH = YES;
				PRODUCT_BUNDLE_IDENTIFIER = "com.nebuladev.$(PROJECT_NAME)";
				PROVISIONING_PROFILE_SPECIFIER = "";
				SDKROOT = appletvos;
				SKIP_INSTALL = YES;
				SWIFT_ACTIVE_COMPILATION_CONDITIONS = DEBUG;
				SWIFT_OPTIMIZATION_LEVEL = "-Onone";
				SWIFT_VERSION = 4.2;
				TARGETED_DEVICE_FAMILY = 3;
				TVOS_DEPLOYMENT_TARGET = 10.0;
				VERSIONING_SYSTEM = "apple-generic";
				VERSION_INFO_PREFIX = "";
			};
			name = Debug;
		};
		679130AF2084EB1D00E815DD /* Release */ = {
			isa = XCBuildConfiguration;
			buildSettings = {
				ALWAYS_SEARCH_USER_PATHS = NO;
				CLANG_ANALYZER_NONNULL = YES;
				CLANG_ANALYZER_NUMBER_OBJECT_CONVERSION = YES_AGGRESSIVE;
				CLANG_CXX_LANGUAGE_STANDARD = "gnu++14";
				CLANG_CXX_LIBRARY = "libc++";
				CLANG_ENABLE_MODULES = YES;
				CLANG_ENABLE_OBJC_ARC = YES;
				CLANG_ENABLE_OBJC_WEAK = YES;
				CLANG_WARN_BLOCK_CAPTURE_AUTORELEASING = YES;
				CLANG_WARN_BOOL_CONVERSION = YES;
				CLANG_WARN_COMMA = YES;
				CLANG_WARN_CONSTANT_CONVERSION = YES;
				CLANG_WARN_DEPRECATED_OBJC_IMPLEMENTATIONS = YES;
				CLANG_WARN_DIRECT_OBJC_ISA_USAGE = YES_ERROR;
				CLANG_WARN_DOCUMENTATION_COMMENTS = YES;
				CLANG_WARN_EMPTY_BODY = YES;
				CLANG_WARN_ENUM_CONVERSION = YES;
				CLANG_WARN_INFINITE_RECURSION = YES;
				CLANG_WARN_INT_CONVERSION = YES;
				CLANG_WARN_NON_LITERAL_NULL_CONVERSION = YES;
				CLANG_WARN_OBJC_IMPLICIT_RETAIN_SELF = YES;
				CLANG_WARN_OBJC_LITERAL_CONVERSION = YES;
				CLANG_WARN_OBJC_ROOT_CLASS = YES_ERROR;
				CLANG_WARN_RANGE_LOOP_ANALYSIS = YES;
				CLANG_WARN_STRICT_PROTOTYPES = YES;
				CLANG_WARN_SUSPICIOUS_MOVE = YES;
				CLANG_WARN_UNGUARDED_AVAILABILITY = YES_AGGRESSIVE;
				CLANG_WARN_UNREACHABLE_CODE = YES;
				CLANG_WARN__DUPLICATE_METHOD_MATCH = YES;
				CODE_SIGN_IDENTITY = "";
				CODE_SIGN_STYLE = Manual;
				COPY_PHASE_STRIP = NO;
				CURRENT_PROJECT_VERSION = 1;
				DEBUG_INFORMATION_FORMAT = "dwarf-with-dsym";
				DEFINES_MODULE = YES;
				DEVELOPMENT_TEAM = "";
				DYLIB_COMPATIBILITY_VERSION = 1;
				DYLIB_CURRENT_VERSION = 1;
				DYLIB_INSTALL_NAME_BASE = "@rpath";
				ENABLE_NS_ASSERTIONS = NO;
				ENABLE_STRICT_OBJC_MSGSEND = YES;
				GCC_C_LANGUAGE_STANDARD = gnu11;
				GCC_NO_COMMON_BLOCKS = YES;
				GCC_WARN_64_TO_32_BIT_CONVERSION = YES;
				GCC_WARN_ABOUT_RETURN_TYPE = YES_ERROR;
				GCC_WARN_UNDECLARED_SELECTOR = YES;
				GCC_WARN_UNINITIALIZED_AUTOS = YES_AGGRESSIVE;
				GCC_WARN_UNUSED_FUNCTION = YES;
				GCC_WARN_UNUSED_VARIABLE = YES;
				INFOPLIST_FILE = Sources/Conf/Info.plist;
				INSTALL_PATH = "$(LOCAL_LIBRARY_DIR)/Frameworks";
				LD_RUNPATH_SEARCH_PATHS = (
					"$(inherited)",
					"@executable_path/Frameworks",
					"@loader_path/Frameworks",
				);
				MTL_ENABLE_DEBUG_INFO = NO;
				PRODUCT_BUNDLE_IDENTIFIER = "com.nebuladev.$(PROJECT_NAME)";
				PROVISIONING_PROFILE_SPECIFIER = "";
				SDKROOT = appletvos;
				SKIP_INSTALL = YES;
				SWIFT_COMPILATION_MODE = wholemodule;
				SWIFT_OPTIMIZATION_LEVEL = "-O";
				SWIFT_VERSION = 4.2;
				TARGETED_DEVICE_FAMILY = 3;
				TVOS_DEPLOYMENT_TARGET = 10.0;
				VALIDATE_PRODUCT = YES;
				VERSIONING_SYSTEM = "apple-generic";
				VERSION_INFO_PREFIX = "";
			};
			name = Release;
		};
		679130B12084EB1D00E815DD /* Debug */ = {
			isa = XCBuildConfiguration;
			buildSettings = {
				ALWAYS_EMBED_SWIFT_STANDARD_LIBRARIES = YES;
				ALWAYS_SEARCH_USER_PATHS = NO;
				CLANG_ANALYZER_NONNULL = YES;
				CLANG_ANALYZER_NUMBER_OBJECT_CONVERSION = YES_AGGRESSIVE;
				CLANG_CXX_LANGUAGE_STANDARD = "gnu++14";
				CLANG_CXX_LIBRARY = "libc++";
				CLANG_ENABLE_MODULES = YES;
				CLANG_ENABLE_OBJC_ARC = YES;
				CLANG_ENABLE_OBJC_WEAK = YES;
				CLANG_WARN_BLOCK_CAPTURE_AUTORELEASING = YES;
				CLANG_WARN_BOOL_CONVERSION = YES;
				CLANG_WARN_COMMA = YES;
				CLANG_WARN_CONSTANT_CONVERSION = YES;
				CLANG_WARN_DEPRECATED_OBJC_IMPLEMENTATIONS = YES;
				CLANG_WARN_DIRECT_OBJC_ISA_USAGE = YES_ERROR;
				CLANG_WARN_DOCUMENTATION_COMMENTS = YES;
				CLANG_WARN_EMPTY_BODY = YES;
				CLANG_WARN_ENUM_CONVERSION = YES;
				CLANG_WARN_INFINITE_RECURSION = YES;
				CLANG_WARN_INT_CONVERSION = YES;
				CLANG_WARN_NON_LITERAL_NULL_CONVERSION = YES;
				CLANG_WARN_OBJC_IMPLICIT_RETAIN_SELF = YES;
				CLANG_WARN_OBJC_LITERAL_CONVERSION = YES;
				CLANG_WARN_OBJC_ROOT_CLASS = YES_ERROR;
				CLANG_WARN_RANGE_LOOP_ANALYSIS = YES;
				CLANG_WARN_STRICT_PROTOTYPES = YES;
				CLANG_WARN_SUSPICIOUS_MOVE = YES;
				CLANG_WARN_UNGUARDED_AVAILABILITY = YES_AGGRESSIVE;
				CLANG_WARN_UNREACHABLE_CODE = YES;
				CLANG_WARN__DUPLICATE_METHOD_MATCH = YES;
				CODE_SIGN_IDENTITY = "";
				CODE_SIGN_STYLE = Manual;
				COPY_PHASE_STRIP = NO;
				DEBUG_INFORMATION_FORMAT = dwarf;
				DEVELOPMENT_TEAM = "";
				ENABLE_STRICT_OBJC_MSGSEND = YES;
				ENABLE_TESTABILITY = YES;
				GCC_C_LANGUAGE_STANDARD = gnu11;
				GCC_DYNAMIC_NO_PIC = NO;
				GCC_NO_COMMON_BLOCKS = YES;
				GCC_OPTIMIZATION_LEVEL = 0;
				GCC_PREPROCESSOR_DEFINITIONS = (
					"DEBUG=1",
					"$(inherited)",
				);
				GCC_WARN_64_TO_32_BIT_CONVERSION = YES;
				GCC_WARN_ABOUT_RETURN_TYPE = YES_ERROR;
				GCC_WARN_UNDECLARED_SELECTOR = YES;
				GCC_WARN_UNINITIALIZED_AUTOS = YES_AGGRESSIVE;
				GCC_WARN_UNUSED_FUNCTION = YES;
				GCC_WARN_UNUSED_VARIABLE = YES;
				INFOPLIST_FILE = Tests/Info.plist;
				LD_RUNPATH_SEARCH_PATHS = (
					"$(inherited)",
					"@executable_path/Frameworks",
					"@loader_path/Frameworks",
				);
				MTL_ENABLE_DEBUG_INFO = YES;
				ONLY_ACTIVE_ARCH = YES;
				PRODUCT_BUNDLE_IDENTIFIER = "com.nebuladev.$(PROJECT_NAME)Tests";
				PRODUCT_NAME = "$(PROJECT_NAME)Test";
				PROVISIONING_PROFILE_SPECIFIER = "";
				SDKROOT = appletvos;
				SWIFT_ACTIVE_COMPILATION_CONDITIONS = DEBUG;
				SWIFT_OPTIMIZATION_LEVEL = "-Onone";
				SWIFT_VERSION = 4.2;
				TARGETED_DEVICE_FAMILY = 3;
				TVOS_DEPLOYMENT_TARGET = 11.3;
			};
			name = Debug;
		};
		679130B22084EB1D00E815DD /* Release */ = {
			isa = XCBuildConfiguration;
			buildSettings = {
				ALWAYS_EMBED_SWIFT_STANDARD_LIBRARIES = YES;
				ALWAYS_SEARCH_USER_PATHS = NO;
				CLANG_ANALYZER_NONNULL = YES;
				CLANG_ANALYZER_NUMBER_OBJECT_CONVERSION = YES_AGGRESSIVE;
				CLANG_CXX_LANGUAGE_STANDARD = "gnu++14";
				CLANG_CXX_LIBRARY = "libc++";
				CLANG_ENABLE_MODULES = YES;
				CLANG_ENABLE_OBJC_ARC = YES;
				CLANG_ENABLE_OBJC_WEAK = YES;
				CLANG_WARN_BLOCK_CAPTURE_AUTORELEASING = YES;
				CLANG_WARN_BOOL_CONVERSION = YES;
				CLANG_WARN_COMMA = YES;
				CLANG_WARN_CONSTANT_CONVERSION = YES;
				CLANG_WARN_DEPRECATED_OBJC_IMPLEMENTATIONS = YES;
				CLANG_WARN_DIRECT_OBJC_ISA_USAGE = YES_ERROR;
				CLANG_WARN_DOCUMENTATION_COMMENTS = YES;
				CLANG_WARN_EMPTY_BODY = YES;
				CLANG_WARN_ENUM_CONVERSION = YES;
				CLANG_WARN_INFINITE_RECURSION = YES;
				CLANG_WARN_INT_CONVERSION = YES;
				CLANG_WARN_NON_LITERAL_NULL_CONVERSION = YES;
				CLANG_WARN_OBJC_IMPLICIT_RETAIN_SELF = YES;
				CLANG_WARN_OBJC_LITERAL_CONVERSION = YES;
				CLANG_WARN_OBJC_ROOT_CLASS = YES_ERROR;
				CLANG_WARN_RANGE_LOOP_ANALYSIS = YES;
				CLANG_WARN_STRICT_PROTOTYPES = YES;
				CLANG_WARN_SUSPICIOUS_MOVE = YES;
				CLANG_WARN_UNGUARDED_AVAILABILITY = YES_AGGRESSIVE;
				CLANG_WARN_UNREACHABLE_CODE = YES;
				CLANG_WARN__DUPLICATE_METHOD_MATCH = YES;
				CODE_SIGN_IDENTITY = "";
				CODE_SIGN_STYLE = Manual;
				COPY_PHASE_STRIP = NO;
				DEBUG_INFORMATION_FORMAT = "dwarf-with-dsym";
				DEVELOPMENT_TEAM = "";
				ENABLE_NS_ASSERTIONS = NO;
				ENABLE_STRICT_OBJC_MSGSEND = YES;
				GCC_C_LANGUAGE_STANDARD = gnu11;
				GCC_NO_COMMON_BLOCKS = YES;
				GCC_WARN_64_TO_32_BIT_CONVERSION = YES;
				GCC_WARN_ABOUT_RETURN_TYPE = YES_ERROR;
				GCC_WARN_UNDECLARED_SELECTOR = YES;
				GCC_WARN_UNINITIALIZED_AUTOS = YES_AGGRESSIVE;
				GCC_WARN_UNUSED_FUNCTION = YES;
				GCC_WARN_UNUSED_VARIABLE = YES;
				INFOPLIST_FILE = Tests/Info.plist;
				LD_RUNPATH_SEARCH_PATHS = (
					"$(inherited)",
					"@executable_path/Frameworks",
					"@loader_path/Frameworks",
				);
				MTL_ENABLE_DEBUG_INFO = NO;
				PRODUCT_BUNDLE_IDENTIFIER = "com.nebuladev.$(PROJECT_NAME)Tests";
				PRODUCT_NAME = "$(PROJECT_NAME)Test";
				PROVISIONING_PROFILE_SPECIFIER = "";
				SDKROOT = appletvos;
				SWIFT_COMPILATION_MODE = wholemodule;
				SWIFT_OPTIMIZATION_LEVEL = "-O";
				SWIFT_VERSION = 4.2;
				TARGETED_DEVICE_FAMILY = 3;
				TVOS_DEPLOYMENT_TARGET = 11.3;
				VALIDATE_PRODUCT = YES;
			};
			name = Release;
		};
		679130CA2084EB2C00E815DD /* Debug */ = {
			isa = XCBuildConfiguration;
			buildSettings = {
				ALWAYS_SEARCH_USER_PATHS = NO;
				CLANG_ANALYZER_NONNULL = YES;
				CLANG_ANALYZER_NUMBER_OBJECT_CONVERSION = YES_AGGRESSIVE;
				CLANG_CXX_LANGUAGE_STANDARD = "gnu++14";
				CLANG_CXX_LIBRARY = "libc++";
				CLANG_ENABLE_MODULES = YES;
				CLANG_ENABLE_OBJC_ARC = YES;
				CLANG_ENABLE_OBJC_WEAK = YES;
				CLANG_WARN_BLOCK_CAPTURE_AUTORELEASING = YES;
				CLANG_WARN_BOOL_CONVERSION = YES;
				CLANG_WARN_COMMA = YES;
				CLANG_WARN_CONSTANT_CONVERSION = YES;
				CLANG_WARN_DEPRECATED_OBJC_IMPLEMENTATIONS = YES;
				CLANG_WARN_DIRECT_OBJC_ISA_USAGE = YES_ERROR;
				CLANG_WARN_DOCUMENTATION_COMMENTS = YES;
				CLANG_WARN_EMPTY_BODY = YES;
				CLANG_WARN_ENUM_CONVERSION = YES;
				CLANG_WARN_INFINITE_RECURSION = YES;
				CLANG_WARN_INT_CONVERSION = YES;
				CLANG_WARN_NON_LITERAL_NULL_CONVERSION = YES;
				CLANG_WARN_OBJC_IMPLICIT_RETAIN_SELF = YES;
				CLANG_WARN_OBJC_LITERAL_CONVERSION = YES;
				CLANG_WARN_OBJC_ROOT_CLASS = YES_ERROR;
				CLANG_WARN_RANGE_LOOP_ANALYSIS = YES;
				CLANG_WARN_STRICT_PROTOTYPES = YES;
				CLANG_WARN_SUSPICIOUS_MOVE = YES;
				CLANG_WARN_UNGUARDED_AVAILABILITY = YES_AGGRESSIVE;
				CLANG_WARN_UNREACHABLE_CODE = YES;
				CLANG_WARN__DUPLICATE_METHOD_MATCH = YES;
				CODE_SIGN_IDENTITY = "";
				CODE_SIGN_STYLE = Manual;
				COMBINE_HIDPI_IMAGES = YES;
				COPY_PHASE_STRIP = NO;
				CURRENT_PROJECT_VERSION = 1;
				DEBUG_INFORMATION_FORMAT = dwarf;
				DEFINES_MODULE = YES;
				DEVELOPMENT_TEAM = "";
				DYLIB_COMPATIBILITY_VERSION = 1;
				DYLIB_CURRENT_VERSION = 1;
				DYLIB_INSTALL_NAME_BASE = "@rpath";
				ENABLE_STRICT_OBJC_MSGSEND = YES;
				ENABLE_TESTABILITY = YES;
				FRAMEWORK_VERSION = A;
				GCC_C_LANGUAGE_STANDARD = gnu11;
				GCC_DYNAMIC_NO_PIC = NO;
				GCC_NO_COMMON_BLOCKS = YES;
				GCC_OPTIMIZATION_LEVEL = 0;
				GCC_PREPROCESSOR_DEFINITIONS = (
					"DEBUG=1",
					"$(inherited)",
				);
				GCC_WARN_64_TO_32_BIT_CONVERSION = YES;
				GCC_WARN_ABOUT_RETURN_TYPE = YES_ERROR;
				GCC_WARN_UNDECLARED_SELECTOR = YES;
				GCC_WARN_UNINITIALIZED_AUTOS = YES_AGGRESSIVE;
				GCC_WARN_UNUSED_FUNCTION = YES;
				GCC_WARN_UNUSED_VARIABLE = YES;
				INFOPLIST_FILE = Sources/Conf/Info.plist;
				INSTALL_PATH = "$(LOCAL_LIBRARY_DIR)/Frameworks";
				LD_RUNPATH_SEARCH_PATHS = (
					"$(inherited)",
					"@executable_path/../Frameworks",
					"@loader_path/Frameworks",
				);
				MACOSX_DEPLOYMENT_TARGET = 10.12;
				MTL_ENABLE_DEBUG_INFO = YES;
				ONLY_ACTIVE_ARCH = YES;
				PRODUCT_BUNDLE_IDENTIFIER = "com.nebuladev.$(PROJECT_NAME)";
				PROVISIONING_PROFILE_SPECIFIER = "";
				SDKROOT = macosx;
				SKIP_INSTALL = YES;
				SWIFT_ACTIVE_COMPILATION_CONDITIONS = DEBUG;
				SWIFT_OPTIMIZATION_LEVEL = "-Onone";
				SWIFT_VERSION = 4.2;
				VERSIONING_SYSTEM = "apple-generic";
				VERSION_INFO_PREFIX = "";
			};
			name = Debug;
		};
		679130CB2084EB2C00E815DD /* Release */ = {
			isa = XCBuildConfiguration;
			buildSettings = {
				ALWAYS_SEARCH_USER_PATHS = NO;
				CLANG_ANALYZER_NONNULL = YES;
				CLANG_ANALYZER_NUMBER_OBJECT_CONVERSION = YES_AGGRESSIVE;
				CLANG_CXX_LANGUAGE_STANDARD = "gnu++14";
				CLANG_CXX_LIBRARY = "libc++";
				CLANG_ENABLE_MODULES = YES;
				CLANG_ENABLE_OBJC_ARC = YES;
				CLANG_ENABLE_OBJC_WEAK = YES;
				CLANG_WARN_BLOCK_CAPTURE_AUTORELEASING = YES;
				CLANG_WARN_BOOL_CONVERSION = YES;
				CLANG_WARN_COMMA = YES;
				CLANG_WARN_CONSTANT_CONVERSION = YES;
				CLANG_WARN_DEPRECATED_OBJC_IMPLEMENTATIONS = YES;
				CLANG_WARN_DIRECT_OBJC_ISA_USAGE = YES_ERROR;
				CLANG_WARN_DOCUMENTATION_COMMENTS = YES;
				CLANG_WARN_EMPTY_BODY = YES;
				CLANG_WARN_ENUM_CONVERSION = YES;
				CLANG_WARN_INFINITE_RECURSION = YES;
				CLANG_WARN_INT_CONVERSION = YES;
				CLANG_WARN_NON_LITERAL_NULL_CONVERSION = YES;
				CLANG_WARN_OBJC_IMPLICIT_RETAIN_SELF = YES;
				CLANG_WARN_OBJC_LITERAL_CONVERSION = YES;
				CLANG_WARN_OBJC_ROOT_CLASS = YES_ERROR;
				CLANG_WARN_RANGE_LOOP_ANALYSIS = YES;
				CLANG_WARN_STRICT_PROTOTYPES = YES;
				CLANG_WARN_SUSPICIOUS_MOVE = YES;
				CLANG_WARN_UNGUARDED_AVAILABILITY = YES_AGGRESSIVE;
				CLANG_WARN_UNREACHABLE_CODE = YES;
				CLANG_WARN__DUPLICATE_METHOD_MATCH = YES;
				CODE_SIGN_IDENTITY = "";
				CODE_SIGN_STYLE = Manual;
				COMBINE_HIDPI_IMAGES = YES;
				COPY_PHASE_STRIP = NO;
				CURRENT_PROJECT_VERSION = 1;
				DEBUG_INFORMATION_FORMAT = "dwarf-with-dsym";
				DEFINES_MODULE = YES;
				DEVELOPMENT_TEAM = "";
				DYLIB_COMPATIBILITY_VERSION = 1;
				DYLIB_CURRENT_VERSION = 1;
				DYLIB_INSTALL_NAME_BASE = "@rpath";
				ENABLE_NS_ASSERTIONS = NO;
				ENABLE_STRICT_OBJC_MSGSEND = YES;
				FRAMEWORK_VERSION = A;
				GCC_C_LANGUAGE_STANDARD = gnu11;
				GCC_NO_COMMON_BLOCKS = YES;
				GCC_WARN_64_TO_32_BIT_CONVERSION = YES;
				GCC_WARN_ABOUT_RETURN_TYPE = YES_ERROR;
				GCC_WARN_UNDECLARED_SELECTOR = YES;
				GCC_WARN_UNINITIALIZED_AUTOS = YES_AGGRESSIVE;
				GCC_WARN_UNUSED_FUNCTION = YES;
				GCC_WARN_UNUSED_VARIABLE = YES;
				INFOPLIST_FILE = Sources/Conf/Info.plist;
				INSTALL_PATH = "$(LOCAL_LIBRARY_DIR)/Frameworks";
				LD_RUNPATH_SEARCH_PATHS = (
					"$(inherited)",
					"@executable_path/../Frameworks",
					"@loader_path/Frameworks",
				);
				MACOSX_DEPLOYMENT_TARGET = 10.12;
				MTL_ENABLE_DEBUG_INFO = NO;
				PRODUCT_BUNDLE_IDENTIFIER = "com.nebuladev.$(PROJECT_NAME)";
				PROVISIONING_PROFILE_SPECIFIER = "";
				SDKROOT = macosx;
				SKIP_INSTALL = YES;
				SWIFT_COMPILATION_MODE = wholemodule;
				SWIFT_OPTIMIZATION_LEVEL = "-O";
				SWIFT_VERSION = 4.2;
				VERSIONING_SYSTEM = "apple-generic";
				VERSION_INFO_PREFIX = "";
			};
			name = Release;
		};
		679130CD2084EB2C00E815DD /* Debug */ = {
			isa = XCBuildConfiguration;
			buildSettings = {
				ALWAYS_EMBED_SWIFT_STANDARD_LIBRARIES = YES;
				ALWAYS_SEARCH_USER_PATHS = NO;
				CLANG_ANALYZER_NONNULL = YES;
				CLANG_ANALYZER_NUMBER_OBJECT_CONVERSION = YES_AGGRESSIVE;
				CLANG_CXX_LANGUAGE_STANDARD = "gnu++14";
				CLANG_CXX_LIBRARY = "libc++";
				CLANG_ENABLE_MODULES = YES;
				CLANG_ENABLE_OBJC_ARC = YES;
				CLANG_ENABLE_OBJC_WEAK = YES;
				CLANG_WARN_BLOCK_CAPTURE_AUTORELEASING = YES;
				CLANG_WARN_BOOL_CONVERSION = YES;
				CLANG_WARN_COMMA = YES;
				CLANG_WARN_CONSTANT_CONVERSION = YES;
				CLANG_WARN_DEPRECATED_OBJC_IMPLEMENTATIONS = YES;
				CLANG_WARN_DIRECT_OBJC_ISA_USAGE = YES_ERROR;
				CLANG_WARN_DOCUMENTATION_COMMENTS = YES;
				CLANG_WARN_EMPTY_BODY = YES;
				CLANG_WARN_ENUM_CONVERSION = YES;
				CLANG_WARN_INFINITE_RECURSION = YES;
				CLANG_WARN_INT_CONVERSION = YES;
				CLANG_WARN_NON_LITERAL_NULL_CONVERSION = YES;
				CLANG_WARN_OBJC_IMPLICIT_RETAIN_SELF = YES;
				CLANG_WARN_OBJC_LITERAL_CONVERSION = YES;
				CLANG_WARN_OBJC_ROOT_CLASS = YES_ERROR;
				CLANG_WARN_RANGE_LOOP_ANALYSIS = YES;
				CLANG_WARN_STRICT_PROTOTYPES = YES;
				CLANG_WARN_SUSPICIOUS_MOVE = YES;
				CLANG_WARN_UNGUARDED_AVAILABILITY = YES_AGGRESSIVE;
				CLANG_WARN_UNREACHABLE_CODE = YES;
				CLANG_WARN__DUPLICATE_METHOD_MATCH = YES;
				CODE_SIGN_IDENTITY = "";
				CODE_SIGN_STYLE = Manual;
				COMBINE_HIDPI_IMAGES = YES;
				COPY_PHASE_STRIP = NO;
				DEBUG_INFORMATION_FORMAT = dwarf;
				DEVELOPMENT_TEAM = "";
				ENABLE_STRICT_OBJC_MSGSEND = YES;
				ENABLE_TESTABILITY = YES;
				GCC_C_LANGUAGE_STANDARD = gnu11;
				GCC_DYNAMIC_NO_PIC = NO;
				GCC_NO_COMMON_BLOCKS = YES;
				GCC_OPTIMIZATION_LEVEL = 0;
				GCC_PREPROCESSOR_DEFINITIONS = (
					"DEBUG=1",
					"$(inherited)",
				);
				GCC_WARN_64_TO_32_BIT_CONVERSION = YES;
				GCC_WARN_ABOUT_RETURN_TYPE = YES_ERROR;
				GCC_WARN_UNDECLARED_SELECTOR = YES;
				GCC_WARN_UNINITIALIZED_AUTOS = YES_AGGRESSIVE;
				GCC_WARN_UNUSED_FUNCTION = YES;
				GCC_WARN_UNUSED_VARIABLE = YES;
				INFOPLIST_FILE = Tests/Info.plist;
				LD_RUNPATH_SEARCH_PATHS = (
					"$(inherited)",
					"@executable_path/../Frameworks",
					"@loader_path/../Frameworks",
				);
				MACOSX_DEPLOYMENT_TARGET = 10.13;
				MTL_ENABLE_DEBUG_INFO = YES;
				ONLY_ACTIVE_ARCH = YES;
				PRODUCT_BUNDLE_IDENTIFIER = "com.nebuladev.$(PROJECT_NAME)Tests";
				PRODUCT_NAME = "$(PROJECT_NAME)Test";
				PROVISIONING_PROFILE_SPECIFIER = "";
				SDKROOT = macosx;
				SWIFT_ACTIVE_COMPILATION_CONDITIONS = DEBUG;
				SWIFT_OPTIMIZATION_LEVEL = "-Onone";
				SWIFT_VERSION = 4.2;
			};
			name = Debug;
		};
		679130CE2084EB2C00E815DD /* Release */ = {
			isa = XCBuildConfiguration;
			buildSettings = {
				ALWAYS_EMBED_SWIFT_STANDARD_LIBRARIES = YES;
				ALWAYS_SEARCH_USER_PATHS = NO;
				CLANG_ANALYZER_NONNULL = YES;
				CLANG_ANALYZER_NUMBER_OBJECT_CONVERSION = YES_AGGRESSIVE;
				CLANG_CXX_LANGUAGE_STANDARD = "gnu++14";
				CLANG_CXX_LIBRARY = "libc++";
				CLANG_ENABLE_MODULES = YES;
				CLANG_ENABLE_OBJC_ARC = YES;
				CLANG_ENABLE_OBJC_WEAK = YES;
				CLANG_WARN_BLOCK_CAPTURE_AUTORELEASING = YES;
				CLANG_WARN_BOOL_CONVERSION = YES;
				CLANG_WARN_COMMA = YES;
				CLANG_WARN_CONSTANT_CONVERSION = YES;
				CLANG_WARN_DEPRECATED_OBJC_IMPLEMENTATIONS = YES;
				CLANG_WARN_DIRECT_OBJC_ISA_USAGE = YES_ERROR;
				CLANG_WARN_DOCUMENTATION_COMMENTS = YES;
				CLANG_WARN_EMPTY_BODY = YES;
				CLANG_WARN_ENUM_CONVERSION = YES;
				CLANG_WARN_INFINITE_RECURSION = YES;
				CLANG_WARN_INT_CONVERSION = YES;
				CLANG_WARN_NON_LITERAL_NULL_CONVERSION = YES;
				CLANG_WARN_OBJC_IMPLICIT_RETAIN_SELF = YES;
				CLANG_WARN_OBJC_LITERAL_CONVERSION = YES;
				CLANG_WARN_OBJC_ROOT_CLASS = YES_ERROR;
				CLANG_WARN_RANGE_LOOP_ANALYSIS = YES;
				CLANG_WARN_STRICT_PROTOTYPES = YES;
				CLANG_WARN_SUSPICIOUS_MOVE = YES;
				CLANG_WARN_UNGUARDED_AVAILABILITY = YES_AGGRESSIVE;
				CLANG_WARN_UNREACHABLE_CODE = YES;
				CLANG_WARN__DUPLICATE_METHOD_MATCH = YES;
				CODE_SIGN_IDENTITY = "";
				CODE_SIGN_STYLE = Manual;
				COMBINE_HIDPI_IMAGES = YES;
				COPY_PHASE_STRIP = NO;
				DEBUG_INFORMATION_FORMAT = "dwarf-with-dsym";
				DEVELOPMENT_TEAM = "";
				ENABLE_NS_ASSERTIONS = NO;
				ENABLE_STRICT_OBJC_MSGSEND = YES;
				GCC_C_LANGUAGE_STANDARD = gnu11;
				GCC_NO_COMMON_BLOCKS = YES;
				GCC_WARN_64_TO_32_BIT_CONVERSION = YES;
				GCC_WARN_ABOUT_RETURN_TYPE = YES_ERROR;
				GCC_WARN_UNDECLARED_SELECTOR = YES;
				GCC_WARN_UNINITIALIZED_AUTOS = YES_AGGRESSIVE;
				GCC_WARN_UNUSED_FUNCTION = YES;
				GCC_WARN_UNUSED_VARIABLE = YES;
				INFOPLIST_FILE = Tests/Info.plist;
				LD_RUNPATH_SEARCH_PATHS = (
					"$(inherited)",
					"@executable_path/../Frameworks",
					"@loader_path/../Frameworks",
				);
				MACOSX_DEPLOYMENT_TARGET = 10.13;
				MTL_ENABLE_DEBUG_INFO = NO;
				PRODUCT_BUNDLE_IDENTIFIER = "com.nebuladev.$(PROJECT_NAME)Tests";
				PRODUCT_NAME = "$(PROJECT_NAME)Test";
				PROVISIONING_PROFILE_SPECIFIER = "";
				SDKROOT = macosx;
				SWIFT_COMPILATION_MODE = wholemodule;
				SWIFT_OPTIMIZATION_LEVEL = "-O";
				SWIFT_VERSION = 4.2;
			};
			name = Release;
		};
/* End XCBuildConfiguration section */

/* Begin XCConfigurationList section */
		6791306A2084EAE000E815DD /* Build configuration list for PBXProject "Request" */ = {
			isa = XCConfigurationList;
			buildConfigurations = (
				6791306B2084EAE000E815DD /* Debug */,
				6791306C2084EAE000E815DD /* Release */,
			);
			defaultConfigurationIsVisible = 0;
			defaultConfigurationName = Release;
		};
		679130842084EAFA00E815DD /* Build configuration list for PBXNativeTarget "Request iOS" */ = {
			isa = XCConfigurationList;
			buildConfigurations = (
				679130852084EAFA00E815DD /* Debug */,
				679130862084EAFA00E815DD /* Release */,
			);
			defaultConfigurationIsVisible = 0;
			defaultConfigurationName = Release;
		};
		679130872084EAFA00E815DD /* Build configuration list for PBXNativeTarget "Request iOSTests" */ = {
			isa = XCConfigurationList;
			buildConfigurations = (
				679130882084EAFA00E815DD /* Debug */,
				679130892084EAFA00E815DD /* Release */,
			);
			defaultConfigurationIsVisible = 0;
			defaultConfigurationName = Release;
		};
		679130942084EB0C00E815DD /* Build configuration list for PBXNativeTarget "Request watchOS" */ = {
			isa = XCConfigurationList;
			buildConfigurations = (
				679130952084EB0C00E815DD /* Debug */,
				679130962084EB0C00E815DD /* Release */,
			);
			defaultConfigurationIsVisible = 0;
			defaultConfigurationName = Release;
		};
		679130AD2084EB1D00E815DD /* Build configuration list for PBXNativeTarget "Request tvOS" */ = {
			isa = XCConfigurationList;
			buildConfigurations = (
				679130AE2084EB1D00E815DD /* Debug */,
				679130AF2084EB1D00E815DD /* Release */,
			);
			defaultConfigurationIsVisible = 0;
			defaultConfigurationName = Release;
		};
		679130B02084EB1D00E815DD /* Build configuration list for PBXNativeTarget "Request tvOSTests" */ = {
			isa = XCConfigurationList;
			buildConfigurations = (
				679130B12084EB1D00E815DD /* Debug */,
				679130B22084EB1D00E815DD /* Release */,
			);
			defaultConfigurationIsVisible = 0;
			defaultConfigurationName = Release;
		};
		679130C92084EB2C00E815DD /* Build configuration list for PBXNativeTarget "Request macOS" */ = {
			isa = XCConfigurationList;
			buildConfigurations = (
				679130CA2084EB2C00E815DD /* Debug */,
				679130CB2084EB2C00E815DD /* Release */,
			);
			defaultConfigurationIsVisible = 0;
			defaultConfigurationName = Release;
		};
		679130CC2084EB2C00E815DD /* Build configuration list for PBXNativeTarget "Request macOSTests" */ = {
			isa = XCConfigurationList;
			buildConfigurations = (
				679130CD2084EB2C00E815DD /* Debug */,
				679130CE2084EB2C00E815DD /* Release */,
			);
			defaultConfigurationIsVisible = 0;
			defaultConfigurationName = Release;
		};
/* End XCConfigurationList section */
	};
	rootObject = 679130672084EAE000E815DD /* Project object */;
}
